// !$*UTF8*$!
{
	archiveVersion = 1;
	classes = {
	};
	objectVersion = 46;
	objects = {

/* Begin PBXBuildFile section */
		BBAB23CB13894F3D00AA2426 /* GLUT.framework in CopyFiles */ = {isa = PBXBuildFile; fileRef = BBAB23BE13894E4700AA2426 /* GLUT.framework */; };
		E42B488F13E320F800D498D0 /* ofxCvColorImage.cpp in Sources */ = {isa = PBXBuildFile; fileRef = E42B487813E320F800D498D0 /* ofxCvColorImage.cpp */; };
		E42B489013E320F800D498D0 /* ofxCvContourFinder.cpp in Sources */ = {isa = PBXBuildFile; fileRef = E42B487B13E320F800D498D0 /* ofxCvContourFinder.cpp */; };
		E42B489113E320F800D498D0 /* ofxCvFloatImage.cpp in Sources */ = {isa = PBXBuildFile; fileRef = E42B487D13E320F800D498D0 /* ofxCvFloatImage.cpp */; };
		E42B489213E320F800D498D0 /* ofxCvGrayscaleImage.cpp in Sources */ = {isa = PBXBuildFile; fileRef = E42B487F13E320F800D498D0 /* ofxCvGrayscaleImage.cpp */; };
		E42B489313E320F800D498D0 /* ofxCvImage.cpp in Sources */ = {isa = PBXBuildFile; fileRef = E42B488113E320F800D498D0 /* ofxCvImage.cpp */; };
		E42B489413E320F800D498D0 /* ofxCvHaarFinder.cpp in Sources */ = {isa = PBXBuildFile; fileRef = E42B488313E320F800D498D0 /* ofxCvHaarFinder.cpp */; };
		E42B489513E320F800D498D0 /* ofxCvShortImage.cpp in Sources */ = {isa = PBXBuildFile; fileRef = E42B488613E320F800D498D0 /* ofxCvShortImage.cpp */; };
		E4328149138ABC9F0047C5CB /* openFrameworksDebug.a in Frameworks */ = {isa = PBXBuildFile; fileRef = E4328148138ABC890047C5CB /* openFrameworksDebug.a */; };
		E45BE97B0E8CC7DD009D7055 /* AGL.framework in Frameworks */ = {isa = PBXBuildFile; fileRef = E45BE9710E8CC7DD009D7055 /* AGL.framework */; };
		E45BE97C0E8CC7DD009D7055 /* ApplicationServices.framework in Frameworks */ = {isa = PBXBuildFile; fileRef = E45BE9720E8CC7DD009D7055 /* ApplicationServices.framework */; };
		E45BE97D0E8CC7DD009D7055 /* AudioToolbox.framework in Frameworks */ = {isa = PBXBuildFile; fileRef = E45BE9730E8CC7DD009D7055 /* AudioToolbox.framework */; };
		E45BE97E0E8CC7DD009D7055 /* Carbon.framework in Frameworks */ = {isa = PBXBuildFile; fileRef = E45BE9740E8CC7DD009D7055 /* Carbon.framework */; };
		E45BE97F0E8CC7DD009D7055 /* CoreAudio.framework in Frameworks */ = {isa = PBXBuildFile; fileRef = E45BE9750E8CC7DD009D7055 /* CoreAudio.framework */; };
		E45BE9800E8CC7DD009D7055 /* CoreFoundation.framework in Frameworks */ = {isa = PBXBuildFile; fileRef = E45BE9760E8CC7DD009D7055 /* CoreFoundation.framework */; };
		E45BE9810E8CC7DD009D7055 /* CoreServices.framework in Frameworks */ = {isa = PBXBuildFile; fileRef = E45BE9770E8CC7DD009D7055 /* CoreServices.framework */; };
		E45BE9830E8CC7DD009D7055 /* OpenGL.framework in Frameworks */ = {isa = PBXBuildFile; fileRef = E45BE9790E8CC7DD009D7055 /* OpenGL.framework */; };
		E45BE9840E8CC7DD009D7055 /* QuickTime.framework in Frameworks */ = {isa = PBXBuildFile; fileRef = E45BE97A0E8CC7DD009D7055 /* QuickTime.framework */; };
		E478DA3913EC381B002ED9F1 /* cameras.c in Sources */ = {isa = PBXBuildFile; fileRef = E478DA1B13EC381B002ED9F1 /* cameras.c */; };
		E478DA3A13EC381B002ED9F1 /* core.c in Sources */ = {isa = PBXBuildFile; fileRef = E478DA1C13EC381B002ED9F1 /* core.c */; };
		E478DA3B13EC381B002ED9F1 /* tilt.c in Sources */ = {isa = PBXBuildFile; fileRef = E478DA2113EC381B002ED9F1 /* tilt.c */; };
		E478DA3C13EC381B002ED9F1 /* usb_libusb10.c in Sources */ = {isa = PBXBuildFile; fileRef = E478DA2213EC381B002ED9F1 /* usb_libusb10.c */; };
		E478DA3D13EC381B002ED9F1 /* usb-1.0.a in Frameworks */ = {isa = PBXBuildFile; fileRef = E478DA2A13EC381B002ED9F1 /* usb-1.0.a */; };
		E478DA3E13EC381B002ED9F1 /* ofxKinect.cpp in Sources */ = {isa = PBXBuildFile; fileRef = E478DA2E13EC381B002ED9F1 /* ofxKinect.cpp */; };
		E478DA3F13EC381B002ED9F1 /* ofxKinectCalibration.cpp in Sources */ = {isa = PBXBuildFile; fileRef = E478DA3013EC381B002ED9F1 /* ofxKinectCalibration.cpp */; };
		E478DA4013EC381B002ED9F1 /* ofxKinectPlayer.cpp in Sources */ = {isa = PBXBuildFile; fileRef = E478DA3213EC381B002ED9F1 /* ofxKinectPlayer.cpp */; };
		E478DA4113EC381B002ED9F1 /* ofxKinectRecorder.cpp in Sources */ = {isa = PBXBuildFile; fileRef = E478DA3413EC381B002ED9F1 /* ofxKinectRecorder.cpp */; };
		E4B69E200A3A1BDC003C02F2 /* main.cpp in Sources */ = {isa = PBXBuildFile; fileRef = E4B69E1D0A3A1BDC003C02F2 /* main.cpp */; };
		E4B69E210A3A1BDC003C02F2 /* FingerTracker.cpp in Sources */ = {isa = PBXBuildFile; fileRef = E4B69E1E0A3A1BDC003C02F2 /* FingerTracker.cpp */; };
		E4C2424710CC5A17004149E2 /* AppKit.framework in Frameworks */ = {isa = PBXBuildFile; fileRef = E4C2424410CC5A17004149E2 /* AppKit.framework */; };
		E4C2424810CC5A17004149E2 /* Cocoa.framework in Frameworks */ = {isa = PBXBuildFile; fileRef = E4C2424510CC5A17004149E2 /* Cocoa.framework */; };
		E4C2424910CC5A17004149E2 /* IOKit.framework in Frameworks */ = {isa = PBXBuildFile; fileRef = E4C2424610CC5A17004149E2 /* IOKit.framework */; };
		E4EB6799138ADC1D00A09F29 /* GLUT.framework in Frameworks */ = {isa = PBXBuildFile; fileRef = BBAB23BE13894E4700AA2426 /* GLUT.framework */; };
		F7153E8E1406823F00DF63BD /* kick_01.wav in CopyFiles */ = {isa = PBXBuildFile; fileRef = F7153E83140681F500DF63BD /* kick_01.wav */; };
		F7153E8F1406823F00DF63BD /* kick_02.wav in CopyFiles */ = {isa = PBXBuildFile; fileRef = F7153E84140681F500DF63BD /* kick_02.wav */; };
		F7153E901406823F00DF63BD /* kick_03.wav in CopyFiles */ = {isa = PBXBuildFile; fileRef = F7153E85140681F500DF63BD /* kick_03.wav */; };
		F7153E911406823F00DF63BD /* kick_04.wav in CopyFiles */ = {isa = PBXBuildFile; fileRef = F7153E86140681F500DF63BD /* kick_04.wav */; };
		F7153E921406823F00DF63BD /* kick_05.wav in CopyFiles */ = {isa = PBXBuildFile; fileRef = F7153E87140681F500DF63BD /* kick_05.wav */; };
		F7153E931406823F00DF63BD /* kick_06.wav in CopyFiles */ = {isa = PBXBuildFile; fileRef = F7153E88140681F500DF63BD /* kick_06.wav */; };
		F7153E941406823F00DF63BD /* kick_07.wav in CopyFiles */ = {isa = PBXBuildFile; fileRef = F7153E89140681F500DF63BD /* kick_07.wav */; };
		F7153E951406823F00DF63BD /* kick_08.wav in CopyFiles */ = {isa = PBXBuildFile; fileRef = F7153E8A140681F500DF63BD /* kick_08.wav */; };
		F7153E961406823F00DF63BD /* kick_09.wav in CopyFiles */ = {isa = PBXBuildFile; fileRef = F7153E8B140681F500DF63BD /* kick_09.wav */; };
		F7153E971406823F00DF63BD /* kick_010.wav in CopyFiles */ = {isa = PBXBuildFile; fileRef = F7153E8C140681F500DF63BD /* kick_010.wav */; };
		F7153E9C140684FA00DF63BD /* OpenFrameworks.icns in CopyFiles */ = {isa = PBXBuildFile; fileRef = F7153E9B140683DF00DF63BD /* OpenFrameworks.icns */; };
		F75FEC7013FCC7CA0032B0A9 /* ofxSimpleGuiButton.cpp in Sources */ = {isa = PBXBuildFile; fileRef = F75FEC4C13FCC7CA0032B0A9 /* ofxSimpleGuiButton.cpp */; };
		F75FEC7113FCC7CA0032B0A9 /* ofxSimpleGuiColorPicker.cpp in Sources */ = {isa = PBXBuildFile; fileRef = F75FEC4E13FCC7CA0032B0A9 /* ofxSimpleGuiColorPicker.cpp */; };
		F75FEC7213FCC7CA0032B0A9 /* ofxSimpleGuiComboBox.cpp in Sources */ = {isa = PBXBuildFile; fileRef = F75FEC5013FCC7CA0032B0A9 /* ofxSimpleGuiComboBox.cpp */; };
		F75FEC7313FCC7CA0032B0A9 /* ofxSimpleGuiContent.cpp in Sources */ = {isa = PBXBuildFile; fileRef = F75FEC5213FCC7CA0032B0A9 /* ofxSimpleGuiContent.cpp */; };
		F75FEC7413FCC7CA0032B0A9 /* ofxSimpleGuiFPSCounter.cpp in Sources */ = {isa = PBXBuildFile; fileRef = F75FEC5413FCC7CA0032B0A9 /* ofxSimpleGuiFPSCounter.cpp */; };
		F75FEC7513FCC7CA0032B0A9 /* ofxSimpleGuiMovieSlider.cpp in Sources */ = {isa = PBXBuildFile; fileRef = F75FEC5613FCC7CA0032B0A9 /* ofxSimpleGuiMovieSlider.cpp */; };
		F75FEC7613FCC7CA0032B0A9 /* ofxSimpleGuiQuadWarp.cpp in Sources */ = {isa = PBXBuildFile; fileRef = F75FEC5813FCC7CA0032B0A9 /* ofxSimpleGuiQuadWarp.cpp */; };
		F75FEC7713FCC7CA0032B0A9 /* ofxSimpleGuiSlider2d.cpp in Sources */ = {isa = PBXBuildFile; fileRef = F75FEC5A13FCC7CA0032B0A9 /* ofxSimpleGuiSlider2d.cpp */; };
		F75FEC7813FCC7CA0032B0A9 /* ofxSimpleGuiTitle.cpp in Sources */ = {isa = PBXBuildFile; fileRef = F75FEC5F13FCC7CA0032B0A9 /* ofxSimpleGuiTitle.cpp */; };
		F75FEC7913FCC7CA0032B0A9 /* ofxSimpleGuiToggle.cpp in Sources */ = {isa = PBXBuildFile; fileRef = F75FEC6113FCC7CA0032B0A9 /* ofxSimpleGuiToggle.cpp */; };
		F75FEC7A13FCC7CA0032B0A9 /* ofxSimpleGuiConfig.cpp in Sources */ = {isa = PBXBuildFile; fileRef = F75FEC6313FCC7CA0032B0A9 /* ofxSimpleGuiConfig.cpp */; };
		F75FEC7B13FCC7CA0032B0A9 /* ofxSimpleGuiControl.cpp in Sources */ = {isa = PBXBuildFile; fileRef = F75FEC6513FCC7CA0032B0A9 /* ofxSimpleGuiControl.cpp */; };
		F75FEC7C13FCC7CA0032B0A9 /* ofxSimpleGuiPage.cpp in Sources */ = {isa = PBXBuildFile; fileRef = F75FEC6813FCC7CA0032B0A9 /* ofxSimpleGuiPage.cpp */; };
		F75FEC7D13FCC7CA0032B0A9 /* ofxSimpleGuiToo.cpp in Sources */ = {isa = PBXBuildFile; fileRef = F75FEC6A13FCC7CA0032B0A9 /* ofxSimpleGuiToo.cpp */; };
		F75FEC7E13FCC7CA0032B0A9 /* ofxSimpleGuiValueControl.cpp in Sources */ = {isa = PBXBuildFile; fileRef = F75FEC6C13FCC7CA0032B0A9 /* ofxSimpleGuiValueControl.cpp */; };
		F75FEC8913FCC7F80032B0A9 /* tinyxml.cpp in Sources */ = {isa = PBXBuildFile; fileRef = F75FEC8213FCC7F80032B0A9 /* tinyxml.cpp */; };
		F75FEC8A13FCC7F80032B0A9 /* tinyxmlerror.cpp in Sources */ = {isa = PBXBuildFile; fileRef = F75FEC8413FCC7F80032B0A9 /* tinyxmlerror.cpp */; };
		F75FEC8B13FCC7F80032B0A9 /* tinyxmlparser.cpp in Sources */ = {isa = PBXBuildFile; fileRef = F75FEC8513FCC7F80032B0A9 /* tinyxmlparser.cpp */; };
		F75FEC8C13FCC7F80032B0A9 /* ofxXmlSettings.cpp in Sources */ = {isa = PBXBuildFile; fileRef = F75FEC8713FCC7F80032B0A9 /* ofxXmlSettings.cpp */; };
		F75FEC9E13FCD09C0032B0A9 /* ofxMSAInteractiveObject.cpp in Sources */ = {isa = PBXBuildFile; fileRef = F75FEC9A13FCD09C0032B0A9 /* ofxMSAInteractiveObject.cpp */; };
/* End PBXBuildFile section */

/* Begin PBXContainerItemProxy section */
		E4328147138ABC890047C5CB /* PBXContainerItemProxy */ = {
			isa = PBXContainerItemProxy;
			containerPortal = E4328143138ABC890047C5CB /* openFrameworksLib.xcodeproj */;
			proxyType = 2;
			remoteGlobalIDString = E4B27C1510CBEB8E00536013;
			remoteInfo = openFrameworks;
		};
		E4EEB9AB138B136A00A80321 /* PBXContainerItemProxy */ = {
			isa = PBXContainerItemProxy;
			containerPortal = E4328143138ABC890047C5CB /* openFrameworksLib.xcodeproj */;
			proxyType = 1;
			remoteGlobalIDString = E4B27C1410CBEB8E00536013;
			remoteInfo = openFrameworks;
		};
/* End PBXContainerItemProxy section */

/* Begin PBXCopyFilesBuildPhase section */
		E4C2427710CC5ABF004149E2 /* CopyFiles */ = {
			isa = PBXCopyFilesBuildPhase;
			buildActionMask = 2147483647;
			dstPath = "";
			dstSubfolderSpec = 10;
			files = (
				BBAB23CB13894F3D00AA2426 /* GLUT.framework in CopyFiles */,
			);
			runOnlyForDeploymentPostprocessing = 0;
		};
		F7153E8D1406823100DF63BD /* CopyFiles */ = {
			isa = PBXCopyFilesBuildPhase;
			buildActionMask = 2147483647;
			dstPath = "";
			dstSubfolderSpec = 7;
			files = (
				F7153E9C140684FA00DF63BD /* OpenFrameworks.icns in CopyFiles */,
				F7153E8E1406823F00DF63BD /* kick_01.wav in CopyFiles */,
				F7153E8F1406823F00DF63BD /* kick_02.wav in CopyFiles */,
				F7153E901406823F00DF63BD /* kick_03.wav in CopyFiles */,
				F7153E911406823F00DF63BD /* kick_04.wav in CopyFiles */,
				F7153E921406823F00DF63BD /* kick_05.wav in CopyFiles */,
				F7153E931406823F00DF63BD /* kick_06.wav in CopyFiles */,
				F7153E941406823F00DF63BD /* kick_07.wav in CopyFiles */,
				F7153E951406823F00DF63BD /* kick_08.wav in CopyFiles */,
				F7153E961406823F00DF63BD /* kick_09.wav in CopyFiles */,
				F7153E971406823F00DF63BD /* kick_010.wav in CopyFiles */,
			);
			runOnlyForDeploymentPostprocessing = 0;
		};
/* End PBXCopyFilesBuildPhase section */

/* Begin PBXFileReference section */
		BBAB23BE13894E4700AA2426 /* GLUT.framework */ = {isa = PBXFileReference; lastKnownFileType = wrapper.framework; name = GLUT.framework; path = ../../../libs/glut/lib/osx/GLUT.framework; sourceTree = "<group>"; };
		E42B487713E320F800D498D0 /* ofxCvBlob.h */ = {isa = PBXFileReference; fileEncoding = 4; lastKnownFileType = sourcecode.c.h; name = ofxCvBlob.h; path = ../../../addons/ofxOpenCv/src/ofxCvBlob.h; sourceTree = SOURCE_ROOT; };
		E42B487813E320F800D498D0 /* ofxCvColorImage.cpp */ = {isa = PBXFileReference; fileEncoding = 4; lastKnownFileType = sourcecode.cpp.cpp; name = ofxCvColorImage.cpp; path = ../../../addons/ofxOpenCv/src/ofxCvColorImage.cpp; sourceTree = SOURCE_ROOT; };
		E42B487913E320F800D498D0 /* ofxCvColorImage.h */ = {isa = PBXFileReference; fileEncoding = 4; lastKnownFileType = sourcecode.c.h; name = ofxCvColorImage.h; path = ../../../addons/ofxOpenCv/src/ofxCvColorImage.h; sourceTree = SOURCE_ROOT; };
		E42B487A13E320F800D498D0 /* ofxCvConstants.h */ = {isa = PBXFileReference; fileEncoding = 4; lastKnownFileType = sourcecode.c.h; name = ofxCvConstants.h; path = ../../../addons/ofxOpenCv/src/ofxCvConstants.h; sourceTree = SOURCE_ROOT; };
		E42B487B13E320F800D498D0 /* ofxCvContourFinder.cpp */ = {isa = PBXFileReference; fileEncoding = 4; lastKnownFileType = sourcecode.cpp.cpp; name = ofxCvContourFinder.cpp; path = ../../../addons/ofxOpenCv/src/ofxCvContourFinder.cpp; sourceTree = SOURCE_ROOT; };
		E42B487C13E320F800D498D0 /* ofxCvContourFinder.h */ = {isa = PBXFileReference; fileEncoding = 4; lastKnownFileType = sourcecode.c.h; name = ofxCvContourFinder.h; path = ../../../addons/ofxOpenCv/src/ofxCvContourFinder.h; sourceTree = SOURCE_ROOT; };
		E42B487D13E320F800D498D0 /* ofxCvFloatImage.cpp */ = {isa = PBXFileReference; fileEncoding = 4; lastKnownFileType = sourcecode.cpp.cpp; name = ofxCvFloatImage.cpp; path = ../../../addons/ofxOpenCv/src/ofxCvFloatImage.cpp; sourceTree = SOURCE_ROOT; };
		E42B487E13E320F800D498D0 /* ofxCvFloatImage.h */ = {isa = PBXFileReference; fileEncoding = 4; lastKnownFileType = sourcecode.c.h; name = ofxCvFloatImage.h; path = ../../../addons/ofxOpenCv/src/ofxCvFloatImage.h; sourceTree = SOURCE_ROOT; };
		E42B487F13E320F800D498D0 /* ofxCvGrayscaleImage.cpp */ = {isa = PBXFileReference; fileEncoding = 4; lastKnownFileType = sourcecode.cpp.cpp; name = ofxCvGrayscaleImage.cpp; path = ../../../addons/ofxOpenCv/src/ofxCvGrayscaleImage.cpp; sourceTree = SOURCE_ROOT; };
		E42B488013E320F800D498D0 /* ofxCvGrayscaleImage.h */ = {isa = PBXFileReference; fileEncoding = 4; lastKnownFileType = sourcecode.c.h; name = ofxCvGrayscaleImage.h; path = ../../../addons/ofxOpenCv/src/ofxCvGrayscaleImage.h; sourceTree = SOURCE_ROOT; };
		E42B488113E320F800D498D0 /* ofxCvImage.cpp */ = {isa = PBXFileReference; fileEncoding = 4; lastKnownFileType = sourcecode.cpp.cpp; name = ofxCvImage.cpp; path = ../../../addons/ofxOpenCv/src/ofxCvImage.cpp; sourceTree = SOURCE_ROOT; };
		E42B488213E320F800D498D0 /* ofxCvImage.h */ = {isa = PBXFileReference; fileEncoding = 4; lastKnownFileType = sourcecode.c.h; name = ofxCvImage.h; path = ../../../addons/ofxOpenCv/src/ofxCvImage.h; sourceTree = SOURCE_ROOT; };
		E42B488313E320F800D498D0 /* ofxCvHaarFinder.cpp */ = {isa = PBXFileReference; fileEncoding = 4; lastKnownFileType = sourcecode.cpp.cpp; name = ofxCvHaarFinder.cpp; path = ../../../addons/ofxOpenCv/src/ofxCvHaarFinder.cpp; sourceTree = SOURCE_ROOT; };
		E42B488413E320F800D498D0 /* ofxCvHaarFinder.h */ = {isa = PBXFileReference; fileEncoding = 4; lastKnownFileType = sourcecode.c.h; name = ofxCvHaarFinder.h; path = ../../../addons/ofxOpenCv/src/ofxCvHaarFinder.h; sourceTree = SOURCE_ROOT; };
		E42B488513E320F800D498D0 /* ofxCvMain.h */ = {isa = PBXFileReference; fileEncoding = 4; lastKnownFileType = sourcecode.c.h; name = ofxCvMain.h; path = ../../../addons/ofxOpenCv/src/ofxCvMain.h; sourceTree = SOURCE_ROOT; };
		E42B488613E320F800D498D0 /* ofxCvShortImage.cpp */ = {isa = PBXFileReference; fileEncoding = 4; lastKnownFileType = sourcecode.cpp.cpp; name = ofxCvShortImage.cpp; path = ../../../addons/ofxOpenCv/src/ofxCvShortImage.cpp; sourceTree = SOURCE_ROOT; };
		E42B488713E320F800D498D0 /* ofxCvShortImage.h */ = {isa = PBXFileReference; fileEncoding = 4; lastKnownFileType = sourcecode.c.h; name = ofxCvShortImage.h; path = ../../../addons/ofxOpenCv/src/ofxCvShortImage.h; sourceTree = SOURCE_ROOT; };
		E42B488813E320F800D498D0 /* ofxOpenCv.h */ = {isa = PBXFileReference; fileEncoding = 4; lastKnownFileType = sourcecode.c.h; name = ofxOpenCv.h; path = ../../../addons/ofxOpenCv/src/ofxOpenCv.h; sourceTree = SOURCE_ROOT; };
		E4328143138ABC890047C5CB /* openFrameworksLib.xcodeproj */ = {isa = PBXFileReference; lastKnownFileType = "wrapper.pb-project"; name = openFrameworksLib.xcodeproj; path = ../../../libs/openFrameworksCompiled/project/osx/openFrameworksLib.xcodeproj; sourceTree = SOURCE_ROOT; };
		E45BE9710E8CC7DD009D7055 /* AGL.framework */ = {isa = PBXFileReference; lastKnownFileType = wrapper.framework; name = AGL.framework; path = /System/Library/Frameworks/AGL.framework; sourceTree = "<absolute>"; };
		E45BE9720E8CC7DD009D7055 /* ApplicationServices.framework */ = {isa = PBXFileReference; lastKnownFileType = wrapper.framework; name = ApplicationServices.framework; path = /System/Library/Frameworks/ApplicationServices.framework; sourceTree = "<absolute>"; };
		E45BE9730E8CC7DD009D7055 /* AudioToolbox.framework */ = {isa = PBXFileReference; lastKnownFileType = wrapper.framework; name = AudioToolbox.framework; path = /System/Library/Frameworks/AudioToolbox.framework; sourceTree = "<absolute>"; };
		E45BE9740E8CC7DD009D7055 /* Carbon.framework */ = {isa = PBXFileReference; lastKnownFileType = wrapper.framework; name = Carbon.framework; path = /System/Library/Frameworks/Carbon.framework; sourceTree = "<absolute>"; };
		E45BE9750E8CC7DD009D7055 /* CoreAudio.framework */ = {isa = PBXFileReference; lastKnownFileType = wrapper.framework; name = CoreAudio.framework; path = /System/Library/Frameworks/CoreAudio.framework; sourceTree = "<absolute>"; };
		E45BE9760E8CC7DD009D7055 /* CoreFoundation.framework */ = {isa = PBXFileReference; lastKnownFileType = wrapper.framework; name = CoreFoundation.framework; path = /System/Library/Frameworks/CoreFoundation.framework; sourceTree = "<absolute>"; };
		E45BE9770E8CC7DD009D7055 /* CoreServices.framework */ = {isa = PBXFileReference; lastKnownFileType = wrapper.framework; name = CoreServices.framework; path = /System/Library/Frameworks/CoreServices.framework; sourceTree = "<absolute>"; };
		E45BE9790E8CC7DD009D7055 /* OpenGL.framework */ = {isa = PBXFileReference; lastKnownFileType = wrapper.framework; name = OpenGL.framework; path = /System/Library/Frameworks/OpenGL.framework; sourceTree = "<absolute>"; };
		E45BE97A0E8CC7DD009D7055 /* QuickTime.framework */ = {isa = PBXFileReference; lastKnownFileType = wrapper.framework; name = QuickTime.framework; path = /System/Library/Frameworks/QuickTime.framework; sourceTree = "<absolute>"; };
		E478DA1B13EC381B002ED9F1 /* cameras.c */ = {isa = PBXFileReference; fileEncoding = 4; lastKnownFileType = sourcecode.c.c; name = cameras.c; path = ../../../addons/ofxKinect/libs/libfreenect/cameras.c; sourceTree = SOURCE_ROOT; };
		E478DA1C13EC381B002ED9F1 /* core.c */ = {isa = PBXFileReference; fileEncoding = 4; lastKnownFileType = sourcecode.c.c; name = core.c; path = ../../../addons/ofxKinect/libs/libfreenect/core.c; sourceTree = SOURCE_ROOT; };
		E478DA1D13EC381B002ED9F1 /* freenect_internal.h */ = {isa = PBXFileReference; fileEncoding = 4; lastKnownFileType = sourcecode.c.h; name = freenect_internal.h; path = ../../../addons/ofxKinect/libs/libfreenect/freenect_internal.h; sourceTree = SOURCE_ROOT; };
		E478DA1E13EC381B002ED9F1 /* libfreenect.h */ = {isa = PBXFileReference; fileEncoding = 4; lastKnownFileType = sourcecode.c.h; name = libfreenect.h; path = ../../../addons/ofxKinect/libs/libfreenect/libfreenect.h; sourceTree = SOURCE_ROOT; };
		E478DA1F13EC381B002ED9F1 /* libfreenect.hpp */ = {isa = PBXFileReference; fileEncoding = 4; lastKnownFileType = sourcecode.cpp.h; name = libfreenect.hpp; path = ../../../addons/ofxKinect/libs/libfreenect/libfreenect.hpp; sourceTree = SOURCE_ROOT; };
		E478DA2113EC381B002ED9F1 /* tilt.c */ = {isa = PBXFileReference; fileEncoding = 4; lastKnownFileType = sourcecode.c.c; name = tilt.c; path = ../../../addons/ofxKinect/libs/libfreenect/tilt.c; sourceTree = SOURCE_ROOT; };
		E478DA2213EC381B002ED9F1 /* usb_libusb10.c */ = {isa = PBXFileReference; fileEncoding = 4; lastKnownFileType = sourcecode.c.c; name = usb_libusb10.c; path = ../../../addons/ofxKinect/libs/libfreenect/usb_libusb10.c; sourceTree = SOURCE_ROOT; };
		E478DA2313EC381B002ED9F1 /* usb_libusb10.h */ = {isa = PBXFileReference; fileEncoding = 4; lastKnownFileType = sourcecode.c.h; name = usb_libusb10.h; path = ../../../addons/ofxKinect/libs/libfreenect/usb_libusb10.h; sourceTree = SOURCE_ROOT; };
		E478DA2813EC381B002ED9F1 /* libusb.h */ = {isa = PBXFileReference; fileEncoding = 4; lastKnownFileType = sourcecode.c.h; name = libusb.h; path = "../../../addons/ofxKinect/libs/libusb/osx/include/libusb-1.0/libusb.h"; sourceTree = SOURCE_ROOT; };
		E478DA2A13EC381B002ED9F1 /* usb-1.0.a */ = {isa = PBXFileReference; lastKnownFileType = archive.ar; name = "usb-1.0.a"; path = "../../../addons/ofxKinect/libs/libusb/osx/libs/usb-1.0.a"; sourceTree = SOURCE_ROOT; };
		E478DA2D13EC381B002ED9F1 /* ofxBase3DVideo.h */ = {isa = PBXFileReference; fileEncoding = 4; lastKnownFileType = sourcecode.c.h; name = ofxBase3DVideo.h; path = ../../../addons/ofxKinect/src/ofxBase3DVideo.h; sourceTree = SOURCE_ROOT; };
		E478DA2E13EC381B002ED9F1 /* ofxKinect.cpp */ = {isa = PBXFileReference; fileEncoding = 4; lastKnownFileType = sourcecode.cpp.cpp; name = ofxKinect.cpp; path = ../../../addons/ofxKinect/src/ofxKinect.cpp; sourceTree = SOURCE_ROOT; };
		E478DA2F13EC381B002ED9F1 /* ofxKinect.h */ = {isa = PBXFileReference; fileEncoding = 4; lastKnownFileType = sourcecode.c.h; name = ofxKinect.h; path = ../../../addons/ofxKinect/src/ofxKinect.h; sourceTree = SOURCE_ROOT; };
		E478DA3013EC381B002ED9F1 /* ofxKinectCalibration.cpp */ = {isa = PBXFileReference; fileEncoding = 4; lastKnownFileType = sourcecode.cpp.cpp; name = ofxKinectCalibration.cpp; path = ../../../addons/ofxKinect/src/ofxKinectCalibration.cpp; sourceTree = SOURCE_ROOT; };
		E478DA3113EC381B002ED9F1 /* ofxKinectCalibration.h */ = {isa = PBXFileReference; fileEncoding = 4; lastKnownFileType = sourcecode.c.h; name = ofxKinectCalibration.h; path = ../../../addons/ofxKinect/src/ofxKinectCalibration.h; sourceTree = SOURCE_ROOT; };
		E478DA3213EC381B002ED9F1 /* ofxKinectPlayer.cpp */ = {isa = PBXFileReference; fileEncoding = 4; lastKnownFileType = sourcecode.cpp.cpp; name = ofxKinectPlayer.cpp; path = ../../../addons/ofxKinect/src/ofxKinectPlayer.cpp; sourceTree = SOURCE_ROOT; };
		E478DA3313EC381B002ED9F1 /* ofxKinectPlayer.h */ = {isa = PBXFileReference; fileEncoding = 4; lastKnownFileType = sourcecode.c.h; name = ofxKinectPlayer.h; path = ../../../addons/ofxKinect/src/ofxKinectPlayer.h; sourceTree = SOURCE_ROOT; };
		E478DA3413EC381B002ED9F1 /* ofxKinectRecorder.cpp */ = {isa = PBXFileReference; fileEncoding = 4; lastKnownFileType = sourcecode.cpp.cpp; name = ofxKinectRecorder.cpp; path = ../../../addons/ofxKinect/src/ofxKinectRecorder.cpp; sourceTree = SOURCE_ROOT; };
		E478DA3513EC381B002ED9F1 /* ofxKinectRecorder.h */ = {isa = PBXFileReference; fileEncoding = 4; lastKnownFileType = sourcecode.c.h; name = ofxKinectRecorder.h; path = ../../../addons/ofxKinect/src/ofxKinectRecorder.h; sourceTree = SOURCE_ROOT; };
		E478DA8413EC38E0002ED9F1 /* ofxThread.h */ = {isa = PBXFileReference; fileEncoding = 4; lastKnownFileType = sourcecode.c.h; name = ofxThread.h; path = ../../../addons/ofxThread/src/ofxThread.h; sourceTree = SOURCE_ROOT; };
		E478DA8713EC38E0002ED9F1 /* ofxMatrix3x3.h */ = {isa = PBXFileReference; fileEncoding = 4; lastKnownFileType = sourcecode.c.h; name = ofxMatrix3x3.h; path = ../../../addons/ofxVectorMath/src/ofxMatrix3x3.h; sourceTree = SOURCE_ROOT; };
		E478DA8813EC38E0002ED9F1 /* ofxMatrix4x4.h */ = {isa = PBXFileReference; fileEncoding = 4; lastKnownFileType = sourcecode.c.h; name = ofxMatrix4x4.h; path = ../../../addons/ofxVectorMath/src/ofxMatrix4x4.h; sourceTree = SOURCE_ROOT; };
		E478DA8913EC38E0002ED9F1 /* ofxPoint2f.h */ = {isa = PBXFileReference; fileEncoding = 4; lastKnownFileType = sourcecode.c.h; name = ofxPoint2f.h; path = ../../../addons/ofxVectorMath/src/ofxPoint2f.h; sourceTree = SOURCE_ROOT; };
		E478DA8A13EC38E0002ED9F1 /* ofxPoint3f.h */ = {isa = PBXFileReference; fileEncoding = 4; lastKnownFileType = sourcecode.c.h; name = ofxPoint3f.h; path = ../../../addons/ofxVectorMath/src/ofxPoint3f.h; sourceTree = SOURCE_ROOT; };
		E478DA8B13EC38E0002ED9F1 /* ofxPoint4f.h */ = {isa = PBXFileReference; fileEncoding = 4; lastKnownFileType = sourcecode.c.h; name = ofxPoint4f.h; path = ../../../addons/ofxVectorMath/src/ofxPoint4f.h; sourceTree = SOURCE_ROOT; };
		E478DA8C13EC38E0002ED9F1 /* ofxQuaternion.h */ = {isa = PBXFileReference; fileEncoding = 4; lastKnownFileType = sourcecode.c.h; name = ofxQuaternion.h; path = ../../../addons/ofxVectorMath/src/ofxQuaternion.h; sourceTree = SOURCE_ROOT; };
		E478DA8D13EC38E0002ED9F1 /* ofxVec2f.h */ = {isa = PBXFileReference; fileEncoding = 4; lastKnownFileType = sourcecode.c.h; name = ofxVec2f.h; path = ../../../addons/ofxVectorMath/src/ofxVec2f.h; sourceTree = SOURCE_ROOT; };
		E478DA8E13EC38E0002ED9F1 /* ofxVec3f.h */ = {isa = PBXFileReference; fileEncoding = 4; lastKnownFileType = sourcecode.c.h; name = ofxVec3f.h; path = ../../../addons/ofxVectorMath/src/ofxVec3f.h; sourceTree = SOURCE_ROOT; };
		E478DA8F13EC38E0002ED9F1 /* ofxVec4f.h */ = {isa = PBXFileReference; fileEncoding = 4; lastKnownFileType = sourcecode.c.h; name = ofxVec4f.h; path = ../../../addons/ofxVectorMath/src/ofxVec4f.h; sourceTree = SOURCE_ROOT; };
		E478DA9013EC38E0002ED9F1 /* ofxVectorMath.h */ = {isa = PBXFileReference; fileEncoding = 4; lastKnownFileType = sourcecode.c.h; name = ofxVectorMath.h; path = ../../../addons/ofxVectorMath/src/ofxVectorMath.h; sourceTree = SOURCE_ROOT; };
		E4B69B5B0A3A1756003C02F2 /* FingerTrackerDebug.app */ = {isa = PBXFileReference; explicitFileType = wrapper.application; includeInIndex = 0; path = FingerTrackerDebug.app; sourceTree = BUILT_PRODUCTS_DIR; };
		E4B69E1D0A3A1BDC003C02F2 /* main.cpp */ = {isa = PBXFileReference; fileEncoding = 30; lastKnownFileType = sourcecode.cpp.cpp; name = main.cpp; path = src/main.cpp; sourceTree = SOURCE_ROOT; };
		E4B69E1E0A3A1BDC003C02F2 /* FingerTracker.cpp */ = {isa = PBXFileReference; explicitFileType = sourcecode.cpp.cpp; fileEncoding = 30; name = FingerTracker.cpp; path = src/FingerTracker.cpp; sourceTree = SOURCE_ROOT; };
		E4B69E1F0A3A1BDC003C02F2 /* FingerTracker.h */ = {isa = PBXFileReference; fileEncoding = 30; lastKnownFileType = sourcecode.c.h; name = FingerTracker.h; path = src/FingerTracker.h; sourceTree = SOURCE_ROOT; };
		E4B6FCAD0C3E899E008CF71C /* openFrameworks-Info.plist */ = {isa = PBXFileReference; fileEncoding = 30; lastKnownFileType = text.plist.xml; path = "openFrameworks-Info.plist"; sourceTree = "<group>"; };
		E4C2424410CC5A17004149E2 /* AppKit.framework */ = {isa = PBXFileReference; lastKnownFileType = wrapper.framework; name = AppKit.framework; path = /System/Library/Frameworks/AppKit.framework; sourceTree = "<absolute>"; };
		E4C2424510CC5A17004149E2 /* Cocoa.framework */ = {isa = PBXFileReference; lastKnownFileType = wrapper.framework; name = Cocoa.framework; path = /System/Library/Frameworks/Cocoa.framework; sourceTree = "<absolute>"; };
		E4C2424610CC5A17004149E2 /* IOKit.framework */ = {isa = PBXFileReference; lastKnownFileType = wrapper.framework; name = IOKit.framework; path = /System/Library/Frameworks/IOKit.framework; sourceTree = "<absolute>"; };
		E4EB691F138AFCF100A09F29 /* CoreOF.xcconfig */ = {isa = PBXFileReference; fileEncoding = 4; lastKnownFileType = text.xcconfig; name = CoreOF.xcconfig; path = ../../../libs/openFrameworksCompiled/project/osx/CoreOF.xcconfig; sourceTree = SOURCE_ROOT; };
		E4EB6923138AFD0F00A09F29 /* Project.xcconfig */ = {isa = PBXFileReference; fileEncoding = 4; lastKnownFileType = text.xcconfig; path = Project.xcconfig; sourceTree = "<group>"; };
		F7153E83140681F500DF63BD /* kick_01.wav */ = {isa = PBXFileReference; lastKnownFileType = audio.wav; path = kick_01.wav; sourceTree = "<group>"; };
		F7153E84140681F500DF63BD /* kick_02.wav */ = {isa = PBXFileReference; lastKnownFileType = audio.wav; path = kick_02.wav; sourceTree = "<group>"; };
		F7153E85140681F500DF63BD /* kick_03.wav */ = {isa = PBXFileReference; lastKnownFileType = audio.wav; path = kick_03.wav; sourceTree = "<group>"; };
		F7153E86140681F500DF63BD /* kick_04.wav */ = {isa = PBXFileReference; lastKnownFileType = audio.wav; path = kick_04.wav; sourceTree = "<group>"; };
		F7153E87140681F500DF63BD /* kick_05.wav */ = {isa = PBXFileReference; lastKnownFileType = audio.wav; path = kick_05.wav; sourceTree = "<group>"; };
		F7153E88140681F500DF63BD /* kick_06.wav */ = {isa = PBXFileReference; lastKnownFileType = audio.wav; path = kick_06.wav; sourceTree = "<group>"; };
		F7153E89140681F500DF63BD /* kick_07.wav */ = {isa = PBXFileReference; lastKnownFileType = audio.wav; path = kick_07.wav; sourceTree = "<group>"; };
		F7153E8A140681F500DF63BD /* kick_08.wav */ = {isa = PBXFileReference; lastKnownFileType = audio.wav; path = kick_08.wav; sourceTree = "<group>"; };
		F7153E8B140681F500DF63BD /* kick_09.wav */ = {isa = PBXFileReference; lastKnownFileType = audio.wav; path = kick_09.wav; sourceTree = "<group>"; };
		F7153E8C140681F500DF63BD /* kick_010.wav */ = {isa = PBXFileReference; lastKnownFileType = audio.wav; path = kick_010.wav; sourceTree = "<group>"; };
		F7153E9B140683DF00DF63BD /* OpenFrameworks.icns */ = {isa = PBXFileReference; lastKnownFileType = image.icns; path = OpenFrameworks.icns; sourceTree = "<group>"; };
		F75FEC3E13FCC75F0032B0A9 /* README */ = {isa = PBXFileReference; fileEncoding = 4; lastKnownFileType = text; path = README; sourceTree = "<group>"; };
		F75FEC4C13FCC7CA0032B0A9 /* ofxSimpleGuiButton.cpp */ = {isa = PBXFileReference; fileEncoding = 4; lastKnownFileType = sourcecode.cpp.cpp; path = ofxSimpleGuiButton.cpp; sourceTree = "<group>"; };
		F75FEC4D13FCC7CA0032B0A9 /* ofxSimpleGuiButton.h */ = {isa = PBXFileReference; fileEncoding = 4; lastKnownFileType = sourcecode.c.h; path = ofxSimpleGuiButton.h; sourceTree = "<group>"; };
		F75FEC4E13FCC7CA0032B0A9 /* ofxSimpleGuiColorPicker.cpp */ = {isa = PBXFileReference; fileEncoding = 4; lastKnownFileType = sourcecode.cpp.cpp; path = ofxSimpleGuiColorPicker.cpp; sourceTree = "<group>"; };
		F75FEC4F13FCC7CA0032B0A9 /* ofxSimpleGuiColorPicker.h */ = {isa = PBXFileReference; fileEncoding = 4; lastKnownFileType = sourcecode.c.h; path = ofxSimpleGuiColorPicker.h; sourceTree = "<group>"; };
		F75FEC5013FCC7CA0032B0A9 /* ofxSimpleGuiComboBox.cpp */ = {isa = PBXFileReference; fileEncoding = 4; lastKnownFileType = sourcecode.cpp.cpp; path = ofxSimpleGuiComboBox.cpp; sourceTree = "<group>"; };
		F75FEC5113FCC7CA0032B0A9 /* ofxSimpleGuiComboBox.h */ = {isa = PBXFileReference; fileEncoding = 4; lastKnownFileType = sourcecode.c.h; path = ofxSimpleGuiComboBox.h; sourceTree = "<group>"; };
		F75FEC5213FCC7CA0032B0A9 /* ofxSimpleGuiContent.cpp */ = {isa = PBXFileReference; fileEncoding = 4; lastKnownFileType = sourcecode.cpp.cpp; path = ofxSimpleGuiContent.cpp; sourceTree = "<group>"; };
		F75FEC5313FCC7CA0032B0A9 /* ofxSimpleGuiContent.h */ = {isa = PBXFileReference; fileEncoding = 4; lastKnownFileType = sourcecode.c.h; path = ofxSimpleGuiContent.h; sourceTree = "<group>"; };
		F75FEC5413FCC7CA0032B0A9 /* ofxSimpleGuiFPSCounter.cpp */ = {isa = PBXFileReference; fileEncoding = 4; lastKnownFileType = sourcecode.cpp.cpp; path = ofxSimpleGuiFPSCounter.cpp; sourceTree = "<group>"; };
		F75FEC5513FCC7CA0032B0A9 /* ofxSimpleGuiFPSCounter.h */ = {isa = PBXFileReference; fileEncoding = 4; lastKnownFileType = sourcecode.c.h; path = ofxSimpleGuiFPSCounter.h; sourceTree = "<group>"; };
		F75FEC5613FCC7CA0032B0A9 /* ofxSimpleGuiMovieSlider.cpp */ = {isa = PBXFileReference; fileEncoding = 4; lastKnownFileType = sourcecode.cpp.cpp; path = ofxSimpleGuiMovieSlider.cpp; sourceTree = "<group>"; };
		F75FEC5713FCC7CA0032B0A9 /* ofxSimpleGuiMovieSlider.h */ = {isa = PBXFileReference; fileEncoding = 4; lastKnownFileType = sourcecode.c.h; path = ofxSimpleGuiMovieSlider.h; sourceTree = "<group>"; };
		F75FEC5813FCC7CA0032B0A9 /* ofxSimpleGuiQuadWarp.cpp */ = {isa = PBXFileReference; fileEncoding = 4; lastKnownFileType = sourcecode.cpp.cpp; path = ofxSimpleGuiQuadWarp.cpp; sourceTree = "<group>"; };
		F75FEC5913FCC7CA0032B0A9 /* ofxSimpleGuiQuadWarp.h */ = {isa = PBXFileReference; fileEncoding = 4; lastKnownFileType = sourcecode.c.h; path = ofxSimpleGuiQuadWarp.h; sourceTree = "<group>"; };
		F75FEC5A13FCC7CA0032B0A9 /* ofxSimpleGuiSlider2d.cpp */ = {isa = PBXFileReference; fileEncoding = 4; lastKnownFileType = sourcecode.cpp.cpp; path = ofxSimpleGuiSlider2d.cpp; sourceTree = "<group>"; };
		F75FEC5B13FCC7CA0032B0A9 /* ofxSimpleGuiSlider2d.h */ = {isa = PBXFileReference; fileEncoding = 4; lastKnownFileType = sourcecode.c.h; path = ofxSimpleGuiSlider2d.h; sourceTree = "<group>"; };
		F75FEC5C13FCC7CA0032B0A9 /* ofxSimpleGuiSliderBase.h */ = {isa = PBXFileReference; fileEncoding = 4; lastKnownFileType = sourcecode.c.h; path = ofxSimpleGuiSliderBase.h; sourceTree = "<group>"; };
		F75FEC5D13FCC7CA0032B0A9 /* ofxSimpleGuiSliderFloat.h */ = {isa = PBXFileReference; fileEncoding = 4; lastKnownFileType = sourcecode.c.h; path = ofxSimpleGuiSliderFloat.h; sourceTree = "<group>"; };
		F75FEC5E13FCC7CA0032B0A9 /* ofxSimpleGuiSliderInt.h */ = {isa = PBXFileReference; fileEncoding = 4; lastKnownFileType = sourcecode.c.h; path = ofxSimpleGuiSliderInt.h; sourceTree = "<group>"; };
		F75FEC5F13FCC7CA0032B0A9 /* ofxSimpleGuiTitle.cpp */ = {isa = PBXFileReference; fileEncoding = 4; lastKnownFileType = sourcecode.cpp.cpp; path = ofxSimpleGuiTitle.cpp; sourceTree = "<group>"; };
		F75FEC6013FCC7CA0032B0A9 /* ofxSimpleGuiTitle.h */ = {isa = PBXFileReference; fileEncoding = 4; lastKnownFileType = sourcecode.c.h; path = ofxSimpleGuiTitle.h; sourceTree = "<group>"; };
		F75FEC6113FCC7CA0032B0A9 /* ofxSimpleGuiToggle.cpp */ = {isa = PBXFileReference; fileEncoding = 4; lastKnownFileType = sourcecode.cpp.cpp; path = ofxSimpleGuiToggle.cpp; sourceTree = "<group>"; };
		F75FEC6213FCC7CA0032B0A9 /* ofxSimpleGuiToggle.h */ = {isa = PBXFileReference; fileEncoding = 4; lastKnownFileType = sourcecode.c.h; path = ofxSimpleGuiToggle.h; sourceTree = "<group>"; };
		F75FEC6313FCC7CA0032B0A9 /* ofxSimpleGuiConfig.cpp */ = {isa = PBXFileReference; fileEncoding = 4; lastKnownFileType = sourcecode.cpp.cpp; path = ofxSimpleGuiConfig.cpp; sourceTree = "<group>"; };
		F75FEC6413FCC7CA0032B0A9 /* ofxSimpleGuiConfig.h */ = {isa = PBXFileReference; fileEncoding = 4; lastKnownFileType = sourcecode.c.h; path = ofxSimpleGuiConfig.h; sourceTree = "<group>"; };
		F75FEC6513FCC7CA0032B0A9 /* ofxSimpleGuiControl.cpp */ = {isa = PBXFileReference; fileEncoding = 4; lastKnownFileType = sourcecode.cpp.cpp; path = ofxSimpleGuiControl.cpp; sourceTree = "<group>"; };
		F75FEC6613FCC7CA0032B0A9 /* ofxSimpleGuiControl.h */ = {isa = PBXFileReference; fileEncoding = 4; lastKnownFileType = sourcecode.c.h; path = ofxSimpleGuiControl.h; sourceTree = "<group>"; };
		F75FEC6713FCC7CA0032B0A9 /* ofxSimpleGuiIncludes.h */ = {isa = PBXFileReference; fileEncoding = 4; lastKnownFileType = sourcecode.c.h; path = ofxSimpleGuiIncludes.h; sourceTree = "<group>"; };
		F75FEC6813FCC7CA0032B0A9 /* ofxSimpleGuiPage.cpp */ = {isa = PBXFileReference; fileEncoding = 4; lastKnownFileType = sourcecode.cpp.cpp; path = ofxSimpleGuiPage.cpp; sourceTree = "<group>"; };
		F75FEC6913FCC7CA0032B0A9 /* ofxSimpleGuiPage.h */ = {isa = PBXFileReference; fileEncoding = 4; lastKnownFileType = sourcecode.c.h; path = ofxSimpleGuiPage.h; sourceTree = "<group>"; };
		F75FEC6A13FCC7CA0032B0A9 /* ofxSimpleGuiToo.cpp */ = {isa = PBXFileReference; fileEncoding = 4; lastKnownFileType = sourcecode.cpp.cpp; path = ofxSimpleGuiToo.cpp; sourceTree = "<group>"; };
		F75FEC6B13FCC7CA0032B0A9 /* ofxSimpleGuiToo.h */ = {isa = PBXFileReference; fileEncoding = 4; lastKnownFileType = sourcecode.c.h; path = ofxSimpleGuiToo.h; sourceTree = "<group>"; };
		F75FEC6C13FCC7CA0032B0A9 /* ofxSimpleGuiValueControl.cpp */ = {isa = PBXFileReference; fileEncoding = 4; lastKnownFileType = sourcecode.cpp.cpp; path = ofxSimpleGuiValueControl.cpp; sourceTree = "<group>"; };
		F75FEC6D13FCC7CA0032B0A9 /* ofxSimpleGuiValueControl.h */ = {isa = PBXFileReference; fileEncoding = 4; lastKnownFileType = sourcecode.c.h; path = ofxSimpleGuiValueControl.h; sourceTree = "<group>"; };
		F75FEC8213FCC7F80032B0A9 /* tinyxml.cpp */ = {isa = PBXFileReference; fileEncoding = 4; lastKnownFileType = sourcecode.cpp.cpp; path = tinyxml.cpp; sourceTree = "<group>"; };
		F75FEC8313FCC7F80032B0A9 /* tinyxml.h */ = {isa = PBXFileReference; fileEncoding = 4; lastKnownFileType = sourcecode.c.h; path = tinyxml.h; sourceTree = "<group>"; };
		F75FEC8413FCC7F80032B0A9 /* tinyxmlerror.cpp */ = {isa = PBXFileReference; fileEncoding = 4; lastKnownFileType = sourcecode.cpp.cpp; path = tinyxmlerror.cpp; sourceTree = "<group>"; };
		F75FEC8513FCC7F80032B0A9 /* tinyxmlparser.cpp */ = {isa = PBXFileReference; fileEncoding = 4; lastKnownFileType = sourcecode.cpp.cpp; path = tinyxmlparser.cpp; sourceTree = "<group>"; };
		F75FEC8713FCC7F80032B0A9 /* ofxXmlSettings.cpp */ = {isa = PBXFileReference; fileEncoding = 4; lastKnownFileType = sourcecode.cpp.cpp; path = ofxXmlSettings.cpp; sourceTree = "<group>"; };
		F75FEC8813FCC7F80032B0A9 /* ofxXmlSettings.h */ = {isa = PBXFileReference; fileEncoding = 4; lastKnownFileType = sourcecode.c.h; path = ofxXmlSettings.h; sourceTree = "<group>"; };
		F75FEC9A13FCD09C0032B0A9 /* ofxMSAInteractiveObject.cpp */ = {isa = PBXFileReference; fileEncoding = 4; lastKnownFileType = sourcecode.cpp.cpp; path = ofxMSAInteractiveObject.cpp; sourceTree = "<group>"; };
		F75FEC9B13FCD09C0032B0A9 /* ofxMSAInteractiveObject.h */ = {isa = PBXFileReference; fileEncoding = 4; lastKnownFileType = sourcecode.c.h; path = ofxMSAInteractiveObject.h; sourceTree = "<group>"; };
/* End PBXFileReference section */

/* Begin PBXFrameworksBuildPhase section */
		E4B69B590A3A1756003C02F2 /* Frameworks */ = {
			isa = PBXFrameworksBuildPhase;
			buildActionMask = 2147483647;
			files = (
				E4EB6799138ADC1D00A09F29 /* GLUT.framework in Frameworks */,
				E4328149138ABC9F0047C5CB /* openFrameworksDebug.a in Frameworks */,
				E45BE97B0E8CC7DD009D7055 /* AGL.framework in Frameworks */,
				E45BE97C0E8CC7DD009D7055 /* ApplicationServices.framework in Frameworks */,
				E45BE97D0E8CC7DD009D7055 /* AudioToolbox.framework in Frameworks */,
				E45BE97E0E8CC7DD009D7055 /* Carbon.framework in Frameworks */,
				E45BE97F0E8CC7DD009D7055 /* CoreAudio.framework in Frameworks */,
				E45BE9800E8CC7DD009D7055 /* CoreFoundation.framework in Frameworks */,
				E45BE9810E8CC7DD009D7055 /* CoreServices.framework in Frameworks */,
				E45BE9830E8CC7DD009D7055 /* OpenGL.framework in Frameworks */,
				E45BE9840E8CC7DD009D7055 /* QuickTime.framework in Frameworks */,
				E4C2424710CC5A17004149E2 /* AppKit.framework in Frameworks */,
				E4C2424810CC5A17004149E2 /* Cocoa.framework in Frameworks */,
				E4C2424910CC5A17004149E2 /* IOKit.framework in Frameworks */,
				E478DA3D13EC381B002ED9F1 /* usb-1.0.a in Frameworks */,
			);
			runOnlyForDeploymentPostprocessing = 0;
		};
/* End PBXFrameworksBuildPhase section */

/* Begin PBXGroup section */
		BB4B014C10F69532006C3DED /* addons */ = {
			isa = PBXGroup;
			children = (
				F75FEC8D13FCD09C0032B0A9 /* ofxMSAInteractiveObject */,
				F75FEC7F13FCC7F80032B0A9 /* ofxXmlSettings */,
				F75FEC3F13FCC7CA0032B0A9 /* ofxSimpleGuiToo */,
				E478DA8213EC38E0002ED9F1 /* ofxThread */,
				E478DA8513EC38E0002ED9F1 /* ofxVectorMath */,
				E478D9DD13EC381B002ED9F1 /* ofxKinect */,
				E42B488A13E320F800D498D0 /* ofxOpenCv */,
			);
			name = addons;
			sourceTree = "<group>";
		};
		BBAB23C913894ECA00AA2426 /* system frameworks */ = {
			isa = PBXGroup;
			children = (
				E4C2424410CC5A17004149E2 /* AppKit.framework */,
				E4C2424510CC5A17004149E2 /* Cocoa.framework */,
				E4C2424610CC5A17004149E2 /* IOKit.framework */,
				E45BE9710E8CC7DD009D7055 /* AGL.framework */,
				E45BE9720E8CC7DD009D7055 /* ApplicationServices.framework */,
				E45BE9730E8CC7DD009D7055 /* AudioToolbox.framework */,
				E45BE9740E8CC7DD009D7055 /* Carbon.framework */,
				E45BE9750E8CC7DD009D7055 /* CoreAudio.framework */,
				E45BE9760E8CC7DD009D7055 /* CoreFoundation.framework */,
				E45BE9770E8CC7DD009D7055 /* CoreServices.framework */,
				E45BE9790E8CC7DD009D7055 /* OpenGL.framework */,
				E45BE97A0E8CC7DD009D7055 /* QuickTime.framework */,
			);
			name = "system frameworks";
			sourceTree = "<group>";
		};
		BBAB23CA13894EDB00AA2426 /* 3rd party frameworks */ = {
			isa = PBXGroup;
			children = (
				BBAB23BE13894E4700AA2426 /* GLUT.framework */,
			);
			name = "3rd party frameworks";
			sourceTree = "<group>";
		};
		E42B488913E320F800D498D0 /* src */ = {
			isa = PBXGroup;
			children = (
				E42B487713E320F800D498D0 /* ofxCvBlob.h */,
				E42B487813E320F800D498D0 /* ofxCvColorImage.cpp */,
				E42B487913E320F800D498D0 /* ofxCvColorImage.h */,
				E42B487A13E320F800D498D0 /* ofxCvConstants.h */,
				E42B487B13E320F800D498D0 /* ofxCvContourFinder.cpp */,
				E42B487C13E320F800D498D0 /* ofxCvContourFinder.h */,
				E42B487D13E320F800D498D0 /* ofxCvFloatImage.cpp */,
				E42B487E13E320F800D498D0 /* ofxCvFloatImage.h */,
				E42B487F13E320F800D498D0 /* ofxCvGrayscaleImage.cpp */,
				E42B488013E320F800D498D0 /* ofxCvGrayscaleImage.h */,
				E42B488113E320F800D498D0 /* ofxCvImage.cpp */,
				E42B488213E320F800D498D0 /* ofxCvImage.h */,
				E42B488313E320F800D498D0 /* ofxCvHaarFinder.cpp */,
				E42B488413E320F800D498D0 /* ofxCvHaarFinder.h */,
				E42B488513E320F800D498D0 /* ofxCvMain.h */,
				E42B488613E320F800D498D0 /* ofxCvShortImage.cpp */,
				E42B488713E320F800D498D0 /* ofxCvShortImage.h */,
				E42B488813E320F800D498D0 /* ofxOpenCv.h */,
			);
			name = src;
			sourceTree = "<group>";
		};
		E42B488A13E320F800D498D0 /* ofxOpenCv */ = {
			isa = PBXGroup;
			children = (
				E42B488913E320F800D498D0 /* src */,
			);
			name = ofxOpenCv;
			sourceTree = SOURCE_ROOT;
		};
		E4328144138ABC890047C5CB /* Products */ = {
			isa = PBXGroup;
			children = (
				E4328148138ABC890047C5CB /* openFrameworksDebug.a */,
			);
			name = Products;
			sourceTree = "<group>";
		};
		E45BE5980E8CC70C009D7055 /* frameworks */ = {
			isa = PBXGroup;
			children = (
				BBAB23CA13894EDB00AA2426 /* 3rd party frameworks */,
				BBAB23C913894ECA00AA2426 /* system frameworks */,
			);
			name = frameworks;
			sourceTree = "<group>";
		};
		E478D9DD13EC381B002ED9F1 /* ofxKinect */ = {
			isa = PBXGroup;
			children = (
				E478DA1913EC381B002ED9F1 /* libs */,
				E478DA2C13EC381B002ED9F1 /* src */,
			);
			name = ofxKinect;
			path = ../../../addons/ofxKinect;
			sourceTree = SOURCE_ROOT;
		};
		E478DA1913EC381B002ED9F1 /* libs */ = {
			isa = PBXGroup;
			children = (
				E478DA1A13EC381B002ED9F1 /* libfreenect */,
				E478DA2413EC381B002ED9F1 /* libusb */,
			);
			name = libs;
			path = ../../../addons/ofxKinect/libs;
			sourceTree = SOURCE_ROOT;
		};
		E478DA1A13EC381B002ED9F1 /* libfreenect */ = {
			isa = PBXGroup;
			children = (
				E478DA1B13EC381B002ED9F1 /* cameras.c */,
				E478DA1C13EC381B002ED9F1 /* core.c */,
				E478DA1D13EC381B002ED9F1 /* freenect_internal.h */,
				E478DA1E13EC381B002ED9F1 /* libfreenect.h */,
				E478DA1F13EC381B002ED9F1 /* libfreenect.hpp */,
				E478DA2113EC381B002ED9F1 /* tilt.c */,
				E478DA2213EC381B002ED9F1 /* usb_libusb10.c */,
				E478DA2313EC381B002ED9F1 /* usb_libusb10.h */,
			);
			name = libfreenect;
			path = ../../../addons/ofxKinect/libs/libfreenect;
			sourceTree = SOURCE_ROOT;
		};
		E478DA2413EC381B002ED9F1 /* libusb */ = {
			isa = PBXGroup;
			children = (
				E478DA2513EC381B002ED9F1 /* osx */,
			);
			name = libusb;
			path = ../../../addons/ofxKinect/libs/libusb;
			sourceTree = SOURCE_ROOT;
		};
		E478DA2513EC381B002ED9F1 /* osx */ = {
			isa = PBXGroup;
			children = (
				E478DA2613EC381B002ED9F1 /* include */,
				E478DA2913EC381B002ED9F1 /* libs */,
			);
			name = osx;
			path = ../../../addons/ofxKinect/libs/libusb/osx;
			sourceTree = SOURCE_ROOT;
		};
		E478DA2613EC381B002ED9F1 /* include */ = {
			isa = PBXGroup;
			children = (
				E478DA2713EC381B002ED9F1 /* libusb-1.0 */,
			);
			name = include;
			path = ../../../addons/ofxKinect/libs/libusb/osx/include;
			sourceTree = SOURCE_ROOT;
		};
		E478DA2713EC381B002ED9F1 /* libusb-1.0 */ = {
			isa = PBXGroup;
			children = (
				E478DA2813EC381B002ED9F1 /* libusb.h */,
			);
			name = "libusb-1.0";
			path = "../../../addons/ofxKinect/libs/libusb/osx/include/libusb-1.0";
			sourceTree = SOURCE_ROOT;
		};
		E478DA2913EC381B002ED9F1 /* libs */ = {
			isa = PBXGroup;
			children = (
				E478DA2A13EC381B002ED9F1 /* usb-1.0.a */,
			);
			name = libs;
			path = ../../../addons/ofxKinect/libs/libusb/osx/libs;
			sourceTree = SOURCE_ROOT;
		};
		E478DA2C13EC381B002ED9F1 /* src */ = {
			isa = PBXGroup;
			children = (
				E478DA2D13EC381B002ED9F1 /* ofxBase3DVideo.h */,
				E478DA2E13EC381B002ED9F1 /* ofxKinect.cpp */,
				E478DA2F13EC381B002ED9F1 /* ofxKinect.h */,
				E478DA3013EC381B002ED9F1 /* ofxKinectCalibration.cpp */,
				E478DA3113EC381B002ED9F1 /* ofxKinectCalibration.h */,
				E478DA3213EC381B002ED9F1 /* ofxKinectPlayer.cpp */,
				E478DA3313EC381B002ED9F1 /* ofxKinectPlayer.h */,
				E478DA3413EC381B002ED9F1 /* ofxKinectRecorder.cpp */,
				E478DA3513EC381B002ED9F1 /* ofxKinectRecorder.h */,
			);
			name = src;
			path = ../../../addons/ofxKinect/src;
			sourceTree = SOURCE_ROOT;
		};
		E478DA8213EC38E0002ED9F1 /* ofxThread */ = {
			isa = PBXGroup;
			children = (
				E478DA8313EC38E0002ED9F1 /* src */,
			);
			name = ofxThread;
			path = ../../../addons/ofxThread;
			sourceTree = SOURCE_ROOT;
		};
		E478DA8313EC38E0002ED9F1 /* src */ = {
			isa = PBXGroup;
			children = (
				E478DA8413EC38E0002ED9F1 /* ofxThread.h */,
			);
			name = src;
			path = ../../../addons/ofxThread/src;
			sourceTree = SOURCE_ROOT;
		};
		E478DA8513EC38E0002ED9F1 /* ofxVectorMath */ = {
			isa = PBXGroup;
			children = (
				E478DA8613EC38E0002ED9F1 /* src */,
			);
			name = ofxVectorMath;
			path = ../../../addons/ofxVectorMath;
			sourceTree = SOURCE_ROOT;
		};
		E478DA8613EC38E0002ED9F1 /* src */ = {
			isa = PBXGroup;
			children = (
				E478DA8713EC38E0002ED9F1 /* ofxMatrix3x3.h */,
				E478DA8813EC38E0002ED9F1 /* ofxMatrix4x4.h */,
				E478DA8913EC38E0002ED9F1 /* ofxPoint2f.h */,
				E478DA8A13EC38E0002ED9F1 /* ofxPoint3f.h */,
				E478DA8B13EC38E0002ED9F1 /* ofxPoint4f.h */,
				E478DA8C13EC38E0002ED9F1 /* ofxQuaternion.h */,
				E478DA8D13EC38E0002ED9F1 /* ofxVec2f.h */,
				E478DA8E13EC38E0002ED9F1 /* ofxVec3f.h */,
				E478DA8F13EC38E0002ED9F1 /* ofxVec4f.h */,
				E478DA9013EC38E0002ED9F1 /* ofxVectorMath.h */,
			);
			name = src;
			path = ../../../addons/ofxVectorMath/src;
			sourceTree = SOURCE_ROOT;
		};
		E4B69B4A0A3A1720003C02F2 = {
			isa = PBXGroup;
			children = (
				F7153E9A140682ED00DF63BD /* Resources */,
				F75FEC3E13FCC75F0032B0A9 /* README */,
				E4B6FCAD0C3E899E008CF71C /* openFrameworks-Info.plist */,
				E4EB6923138AFD0F00A09F29 /* Project.xcconfig */,
				E4B69E1C0A3A1BDC003C02F2 /* src */,
				E4EEC9E9138DF44700A80321 /* openFrameworks */,
				BB4B014C10F69532006C3DED /* addons */,
				E45BE5980E8CC70C009D7055 /* frameworks */,
				E4B69B5B0A3A1756003C02F2 /* FingerTrackerDebug.app */,
			);
			sourceTree = "<group>";
		};
		E4B69E1C0A3A1BDC003C02F2 /* src */ = {
			isa = PBXGroup;
			children = (
				E4B69E1D0A3A1BDC003C02F2 /* main.cpp */,
				E4B69E1E0A3A1BDC003C02F2 /* FingerTracker.cpp */,
				E4B69E1F0A3A1BDC003C02F2 /* FingerTracker.h */,
			);
			path = src;
			sourceTree = SOURCE_ROOT;
		};
		E4EEC9E9138DF44700A80321 /* openFrameworks */ = {
			isa = PBXGroup;
			children = (
				E4EB691F138AFCF100A09F29 /* CoreOF.xcconfig */,
				E4328143138ABC890047C5CB /* openFrameworksLib.xcodeproj */,
			);
			name = openFrameworks;
			sourceTree = "<group>";
		};
		F7153E82140681F500DF63BD /* Drum Sounds */ = {
			isa = PBXGroup;
			children = (
				F7153E83140681F500DF63BD /* kick_01.wav */,
				F7153E84140681F500DF63BD /* kick_02.wav */,
				F7153E85140681F500DF63BD /* kick_03.wav */,
				F7153E86140681F500DF63BD /* kick_04.wav */,
				F7153E87140681F500DF63BD /* kick_05.wav */,
				F7153E88140681F500DF63BD /* kick_06.wav */,
				F7153E89140681F500DF63BD /* kick_07.wav */,
				F7153E8A140681F500DF63BD /* kick_08.wav */,
				F7153E8B140681F500DF63BD /* kick_09.wav */,
				F7153E8C140681F500DF63BD /* kick_010.wav */,
			);
			name = "Drum Sounds";
			path = "src/Drum Sounds";
			sourceTree = "<group>";
		};
		F7153E9A140682ED00DF63BD /* Resources */ = {
			isa = PBXGroup;
			children = (
				F7153E9B140683DF00DF63BD /* OpenFrameworks.icns */,
				F7153E82140681F500DF63BD /* Drum Sounds */,
			);
			name = Resources;
			sourceTree = "<group>";
		};
		F75FEC3F13FCC7CA0032B0A9 /* ofxSimpleGuiToo */ = {
			isa = PBXGroup;
			children = (
				F75FEC4A13FCC7CA0032B0A9 /* src */,
			);
			name = ofxSimpleGuiToo;
			path = ../../../addons/ofxSimpleGuiToo;
			sourceTree = "<group>";
		};
		F75FEC4A13FCC7CA0032B0A9 /* src */ = {
			isa = PBXGroup;
			children = (
				F75FEC4B13FCC7CA0032B0A9 /* Controls */,
				F75FEC6313FCC7CA0032B0A9 /* ofxSimpleGuiConfig.cpp */,
				F75FEC6413FCC7CA0032B0A9 /* ofxSimpleGuiConfig.h */,
				F75FEC6513FCC7CA0032B0A9 /* ofxSimpleGuiControl.cpp */,
				F75FEC6613FCC7CA0032B0A9 /* ofxSimpleGuiControl.h */,
				F75FEC6713FCC7CA0032B0A9 /* ofxSimpleGuiIncludes.h */,
				F75FEC6813FCC7CA0032B0A9 /* ofxSimpleGuiPage.cpp */,
				F75FEC6913FCC7CA0032B0A9 /* ofxSimpleGuiPage.h */,
				F75FEC6A13FCC7CA0032B0A9 /* ofxSimpleGuiToo.cpp */,
				F75FEC6B13FCC7CA0032B0A9 /* ofxSimpleGuiToo.h */,
				F75FEC6C13FCC7CA0032B0A9 /* ofxSimpleGuiValueControl.cpp */,
				F75FEC6D13FCC7CA0032B0A9 /* ofxSimpleGuiValueControl.h */,
			);
			path = src;
			sourceTree = "<group>";
		};
		F75FEC4B13FCC7CA0032B0A9 /* Controls */ = {
			isa = PBXGroup;
			children = (
				F75FEC4C13FCC7CA0032B0A9 /* ofxSimpleGuiButton.cpp */,
				F75FEC4D13FCC7CA0032B0A9 /* ofxSimpleGuiButton.h */,
				F75FEC4E13FCC7CA0032B0A9 /* ofxSimpleGuiColorPicker.cpp */,
				F75FEC4F13FCC7CA0032B0A9 /* ofxSimpleGuiColorPicker.h */,
				F75FEC5013FCC7CA0032B0A9 /* ofxSimpleGuiComboBox.cpp */,
				F75FEC5113FCC7CA0032B0A9 /* ofxSimpleGuiComboBox.h */,
				F75FEC5213FCC7CA0032B0A9 /* ofxSimpleGuiContent.cpp */,
				F75FEC5313FCC7CA0032B0A9 /* ofxSimpleGuiContent.h */,
				F75FEC5413FCC7CA0032B0A9 /* ofxSimpleGuiFPSCounter.cpp */,
				F75FEC5513FCC7CA0032B0A9 /* ofxSimpleGuiFPSCounter.h */,
				F75FEC5613FCC7CA0032B0A9 /* ofxSimpleGuiMovieSlider.cpp */,
				F75FEC5713FCC7CA0032B0A9 /* ofxSimpleGuiMovieSlider.h */,
				F75FEC5813FCC7CA0032B0A9 /* ofxSimpleGuiQuadWarp.cpp */,
				F75FEC5913FCC7CA0032B0A9 /* ofxSimpleGuiQuadWarp.h */,
				F75FEC5A13FCC7CA0032B0A9 /* ofxSimpleGuiSlider2d.cpp */,
				F75FEC5B13FCC7CA0032B0A9 /* ofxSimpleGuiSlider2d.h */,
				F75FEC5C13FCC7CA0032B0A9 /* ofxSimpleGuiSliderBase.h */,
				F75FEC5D13FCC7CA0032B0A9 /* ofxSimpleGuiSliderFloat.h */,
				F75FEC5E13FCC7CA0032B0A9 /* ofxSimpleGuiSliderInt.h */,
				F75FEC5F13FCC7CA0032B0A9 /* ofxSimpleGuiTitle.cpp */,
				F75FEC6013FCC7CA0032B0A9 /* ofxSimpleGuiTitle.h */,
				F75FEC6113FCC7CA0032B0A9 /* ofxSimpleGuiToggle.cpp */,
				F75FEC6213FCC7CA0032B0A9 /* ofxSimpleGuiToggle.h */,
			);
			path = Controls;
			sourceTree = "<group>";
		};
		F75FEC7F13FCC7F80032B0A9 /* ofxXmlSettings */ = {
			isa = PBXGroup;
			children = (
				F75FEC8113FCC7F80032B0A9 /* libs */,
				F75FEC8613FCC7F80032B0A9 /* src */,
			);
			name = ofxXmlSettings;
			path = ../../../addons/ofxXmlSettings;
			sourceTree = "<group>";
		};
		F75FEC8113FCC7F80032B0A9 /* libs */ = {
			isa = PBXGroup;
			children = (
				F75FEC8213FCC7F80032B0A9 /* tinyxml.cpp */,
				F75FEC8313FCC7F80032B0A9 /* tinyxml.h */,
				F75FEC8413FCC7F80032B0A9 /* tinyxmlerror.cpp */,
				F75FEC8513FCC7F80032B0A9 /* tinyxmlparser.cpp */,
			);
			path = libs;
			sourceTree = "<group>";
		};
		F75FEC8613FCC7F80032B0A9 /* src */ = {
			isa = PBXGroup;
			children = (
				F75FEC8713FCC7F80032B0A9 /* ofxXmlSettings.cpp */,
				F75FEC8813FCC7F80032B0A9 /* ofxXmlSettings.h */,
			);
			path = src;
			sourceTree = "<group>";
		};
		F75FEC8D13FCD09C0032B0A9 /* ofxMSAInteractiveObject */ = {
			isa = PBXGroup;
			children = (
				F75FEC9913FCD09C0032B0A9 /* src */,
			);
			name = ofxMSAInteractiveObject;
			path = ../../../addons/ofxMSAInteractiveObject;
			sourceTree = "<group>";
		};
		F75FEC9913FCD09C0032B0A9 /* src */ = {
			isa = PBXGroup;
			children = (
				F75FEC9A13FCD09C0032B0A9 /* ofxMSAInteractiveObject.cpp */,
				F75FEC9B13FCD09C0032B0A9 /* ofxMSAInteractiveObject.h */,
			);
			path = src;
			sourceTree = "<group>";
		};
/* End PBXGroup section */

/* Begin PBXNativeTarget section */
		E4B69B5A0A3A1756003C02F2 /* FingerTracker */ = {
			isa = PBXNativeTarget;
			buildConfigurationList = E4B69B5F0A3A1757003C02F2 /* Build configuration list for PBXNativeTarget "FingerTracker" */;
			buildPhases = (
				E4B69B580A3A1756003C02F2 /* Sources */,
				E4B69B590A3A1756003C02F2 /* Frameworks */,
				E4B6FFFD0C3F9AB9008CF71C /* ShellScript */,
				E4C2427710CC5ABF004149E2 /* CopyFiles */,
				F7153E8D1406823100DF63BD /* CopyFiles */,
			);
			buildRules = (
			);
			dependencies = (
				E4EEB9AC138B136A00A80321 /* PBXTargetDependency */,
			);
			name = FingerTracker;
			productName = myOFApp;
			productReference = E4B69B5B0A3A1756003C02F2 /* FingerTrackerDebug.app */;
			productType = "com.apple.product-type.application";
		};
/* End PBXNativeTarget section */

/* Begin PBXProject section */
		E4B69B4C0A3A1720003C02F2 /* Project object */ = {
			isa = PBXProject;
			attributes = {
				LastUpgradeCheck = 0410;
			};
			buildConfigurationList = E4B69B4D0A3A1720003C02F2 /* Build configuration list for PBXProject "FingerTracker" */;
			compatibilityVersion = "Xcode 3.2";
			developmentRegion = English;
			hasScannedForEncodings = 0;
			knownRegions = (
				English,
				Japanese,
				French,
				German,
			);
			mainGroup = E4B69B4A0A3A1720003C02F2;
			productRefGroup = E4B69B4A0A3A1720003C02F2;
			projectDirPath = "";
			projectReferences = (
				{
					ProductGroup = E4328144138ABC890047C5CB /* Products */;
					ProjectRef = E4328143138ABC890047C5CB /* openFrameworksLib.xcodeproj */;
				},
			);
			projectRoot = "";
			targets = (
				E4B69B5A0A3A1756003C02F2 /* FingerTracker */,
			);
		};
/* End PBXProject section */

/* Begin PBXReferenceProxy section */
		E4328148138ABC890047C5CB /* openFrameworksDebug.a */ = {
			isa = PBXReferenceProxy;
			fileType = archive.ar;
			path = openFrameworksDebug.a;
			remoteRef = E4328147138ABC890047C5CB /* PBXContainerItemProxy */;
			sourceTree = BUILT_PRODUCTS_DIR;
		};
/* End PBXReferenceProxy section */

/* Begin PBXShellScriptBuildPhase section */
		E4B6FFFD0C3F9AB9008CF71C /* ShellScript */ = {
			isa = PBXShellScriptBuildPhase;
			buildActionMask = 2147483647;
			files = (
			);
			inputPaths = (
			);
			outputPaths = (
			);
			runOnlyForDeploymentPostprocessing = 0;
			shellPath = /bin/sh;
			shellScript = "cp -f ../../../libs/fmodex/lib/osx/libfmodex.dylib \"$TARGET_BUILD_DIR/$PRODUCT_NAME.app/Contents/MacOS/libfmodex.dylib\"; install_name_tool -change ./libfmodex.dylib @executable_path/libfmodex.dylib \"$TARGET_BUILD_DIR/$PRODUCT_NAME.app/Contents/MacOS/$PRODUCT_NAME\";";
		};
/* End PBXShellScriptBuildPhase section */

/* Begin PBXSourcesBuildPhase section */
		E4B69B580A3A1756003C02F2 /* Sources */ = {
			isa = PBXSourcesBuildPhase;
			buildActionMask = 2147483647;
			files = (
				E4B69E200A3A1BDC003C02F2 /* main.cpp in Sources */,
				E4B69E210A3A1BDC003C02F2 /* FingerTracker.cpp in Sources */,
				E42B488F13E320F800D498D0 /* ofxCvColorImage.cpp in Sources */,
				E42B489013E320F800D498D0 /* ofxCvContourFinder.cpp in Sources */,
				E42B489113E320F800D498D0 /* ofxCvFloatImage.cpp in Sources */,
				E42B489213E320F800D498D0 /* ofxCvGrayscaleImage.cpp in Sources */,
				E42B489313E320F800D498D0 /* ofxCvImage.cpp in Sources */,
				E42B489413E320F800D498D0 /* ofxCvHaarFinder.cpp in Sources */,
				E42B489513E320F800D498D0 /* ofxCvShortImage.cpp in Sources */,
				E478DA3913EC381B002ED9F1 /* cameras.c in Sources */,
				E478DA3A13EC381B002ED9F1 /* core.c in Sources */,
				E478DA3B13EC381B002ED9F1 /* tilt.c in Sources */,
				E478DA3C13EC381B002ED9F1 /* usb_libusb10.c in Sources */,
				E478DA3E13EC381B002ED9F1 /* ofxKinect.cpp in Sources */,
				E478DA3F13EC381B002ED9F1 /* ofxKinectCalibration.cpp in Sources */,
				E478DA4013EC381B002ED9F1 /* ofxKinectPlayer.cpp in Sources */,
				E478DA4113EC381B002ED9F1 /* ofxKinectRecorder.cpp in Sources */,
				F75FEC7013FCC7CA0032B0A9 /* ofxSimpleGuiButton.cpp in Sources */,
				F75FEC7113FCC7CA0032B0A9 /* ofxSimpleGuiColorPicker.cpp in Sources */,
				F75FEC7213FCC7CA0032B0A9 /* ofxSimpleGuiComboBox.cpp in Sources */,
				F75FEC7313FCC7CA0032B0A9 /* ofxSimpleGuiContent.cpp in Sources */,
				F75FEC7413FCC7CA0032B0A9 /* ofxSimpleGuiFPSCounter.cpp in Sources */,
				F75FEC7513FCC7CA0032B0A9 /* ofxSimpleGuiMovieSlider.cpp in Sources */,
				F75FEC7613FCC7CA0032B0A9 /* ofxSimpleGuiQuadWarp.cpp in Sources */,
				F75FEC7713FCC7CA0032B0A9 /* ofxSimpleGuiSlider2d.cpp in Sources */,
				F75FEC7813FCC7CA0032B0A9 /* ofxSimpleGuiTitle.cpp in Sources */,
				F75FEC7913FCC7CA0032B0A9 /* ofxSimpleGuiToggle.cpp in Sources */,
				F75FEC7A13FCC7CA0032B0A9 /* ofxSimpleGuiConfig.cpp in Sources */,
				F75FEC7B13FCC7CA0032B0A9 /* ofxSimpleGuiControl.cpp in Sources */,
				F75FEC7C13FCC7CA0032B0A9 /* ofxSimpleGuiPage.cpp in Sources */,
				F75FEC7D13FCC7CA0032B0A9 /* ofxSimpleGuiToo.cpp in Sources */,
				F75FEC7E13FCC7CA0032B0A9 /* ofxSimpleGuiValueControl.cpp in Sources */,
				F75FEC8913FCC7F80032B0A9 /* tinyxml.cpp in Sources */,
				F75FEC8A13FCC7F80032B0A9 /* tinyxmlerror.cpp in Sources */,
				F75FEC8B13FCC7F80032B0A9 /* tinyxmlparser.cpp in Sources */,
				F75FEC8C13FCC7F80032B0A9 /* ofxXmlSettings.cpp in Sources */,
				F75FEC9E13FCD09C0032B0A9 /* ofxMSAInteractiveObject.cpp in Sources */,
			);
			runOnlyForDeploymentPostprocessing = 0;
		};
/* End PBXSourcesBuildPhase section */

/* Begin PBXTargetDependency section */
		E4EEB9AC138B136A00A80321 /* PBXTargetDependency */ = {
			isa = PBXTargetDependency;
			name = openFrameworks;
			targetProxy = E4EEB9AB138B136A00A80321 /* PBXContainerItemProxy */;
		};
/* End PBXTargetDependency section */

/* Begin XCBuildConfiguration section */
		E4B69B4E0A3A1720003C02F2 /* Debug */ = {
			isa = XCBuildConfiguration;
			baseConfigurationReference = E4EB6923138AFD0F00A09F29 /* Project.xcconfig */;
			buildSettings = {
				ARCHS = "$(NATIVE_ARCH)";
				CONFIGURATION_BUILD_DIR = "$(SRCROOT)/bin/";
				COPY_PHASE_STRIP = NO;
				DEAD_CODE_STRIPPING = YES;
				ENABLE_OPENMP_SUPPORT = YES;
				GCC_AUTO_VECTORIZATION = YES;
				GCC_ENABLE_SSE3_EXTENSIONS = YES;
				GCC_ENABLE_SUPPLEMENTAL_SSE3_INSTRUCTIONS = YES;
				GCC_INLINES_ARE_PRIVATE_EXTERN = NO;
				GCC_MODEL_TUNING = G5;
				GCC_SYMBOLS_PRIVATE_EXTERN = NO;
				GCC_VERSION = com.apple.compilers.llvm.clang.1_0;
				GCC_WARN_ABOUT_DEPRECATED_FUNCTIONS = NO;
				GCC_WARN_ABOUT_INVALID_OFFSETOF_MACRO = NO;
				GCC_WARN_ALLOW_INCOMPLETE_PROTOCOL = NO;
				GCC_WARN_UNINITIALIZED_AUTOS = NO;
				GCC_WARN_UNUSED_VALUE = NO;
				GCC_WARN_UNUSED_VARIABLE = NO;
				LLVM_LTO = NO;
				OTHER_CPLUSPLUSFLAGS = (
					"-D__MACOSX_CORE__",
					"-lpthread",
				);
				RUN_CLANG_STATIC_ANALYZER = NO;
				SDKROOT = macosx10.6;
				VALID_ARCHS = "i386 x86_64";
			};
			name = Debug;
		};
		E4B69B4F0A3A1720003C02F2 /* Release */ = {
			isa = XCBuildConfiguration;
			baseConfigurationReference = E4EB6923138AFD0F00A09F29 /* Project.xcconfig */;
			buildSettings = {
				ARCHS = "$(NATIVE_ARCH)";
				CONFIGURATION_BUILD_DIR = "$(SRCROOT)/bin/";
				COPY_PHASE_STRIP = YES;
				DEAD_CODE_STRIPPING = YES;
				ENABLE_OPENMP_SUPPORT = YES;
				GCC_AUTO_VECTORIZATION = YES;
				GCC_ENABLE_SSE3_EXTENSIONS = YES;
				GCC_ENABLE_SUPPLEMENTAL_SSE3_INSTRUCTIONS = YES;
				GCC_INLINES_ARE_PRIVATE_EXTERN = NO;
				GCC_MODEL_TUNING = G5;
				GCC_OPTIMIZATION_LEVEL = 3;
				GCC_SYMBOLS_PRIVATE_EXTERN = NO;
				GCC_UNROLL_LOOPS = YES;
				GCC_VERSION = com.apple.compilers.llvm.clang.1_0;
				GCC_WARN_ABOUT_DEPRECATED_FUNCTIONS = NO;
				GCC_WARN_ABOUT_INVALID_OFFSETOF_MACRO = NO;
				GCC_WARN_ALLOW_INCOMPLETE_PROTOCOL = NO;
				GCC_WARN_UNINITIALIZED_AUTOS = NO;
				GCC_WARN_UNUSED_VALUE = NO;
				GCC_WARN_UNUSED_VARIABLE = NO;
				LLVM_LTO = NO;
				OTHER_CPLUSPLUSFLAGS = (
					"-D__MACOSX_CORE__",
					"-lpthread",
				);
				RUN_CLANG_STATIC_ANALYZER = NO;
				SDKROOT = macosx10.6;
				VALID_ARCHS = "i386 x86_64";
			};
			name = Release;
		};
		E4B69B600A3A1757003C02F2 /* Debug */ = {
			isa = XCBuildConfiguration;
			buildSettings = {
				COPY_PHASE_STRIP = NO;
				FRAMEWORK_SEARCH_PATHS = (
					"$(inherited)",
					"$(FRAMEWORK_SEARCH_PATHS_QUOTED_FOR_TARGET_1)",
				);
				FRAMEWORK_SEARCH_PATHS_QUOTED_FOR_TARGET_1 = "\"$(SRCROOT)/../../../libs/glut/lib/osx\"";
				GCC_DYNAMIC_NO_PIC = NO;
				GCC_GENERATE_DEBUGGING_SYMBOLS = YES;
				GCC_MODEL_TUNING = G4;
				GCC_PRECOMPILE_PREFIX_HEADER = YES;
				GCC_PREFIX_HEADER = "$(SYSTEM_LIBRARY_DIR)/Frameworks/Carbon.framework/Headers/Carbon.h";
				INFOPLIST_FILE = "openFrameworks-Info.plist";
				INSTALL_PATH = "$(HOME)/Applications";
				LIBRARY_SEARCH_PATHS = (
					"$(inherited)",
					"$(LIBRARY_SEARCH_PATHS_QUOTED_FOR_TARGET_1)",
					"$(LIBRARY_SEARCH_PATHS_QUOTED_FOR_TARGET_2)",
					"$(LIBRARY_SEARCH_PATHS_QUOTED_FOR_TARGET_3)",
					"$(LIBRARY_SEARCH_PATHS_QUOTED_FOR_TARGET_4)",
					"$(LIBRARY_SEARCH_PATHS_QUOTED_FOR_TARGET_5)",
					"$(LIBRARY_SEARCH_PATHS_QUOTED_FOR_TARGET_6)",
					"$(LIBRARY_SEARCH_PATHS_QUOTED_FOR_TARGET_7)",
					"$(LIBRARY_SEARCH_PATHS_QUOTED_FOR_TARGET_8)",
					"$(LIBRARY_SEARCH_PATHS_QUOTED_FOR_TARGET_9)",
					"$(LIBRARY_SEARCH_PATHS_QUOTED_FOR_TARGET_10)",
					"$(LIBRARY_SEARCH_PATHS_QUOTED_FOR_TARGET_11)",
					"$(LIBRARY_SEARCH_PATHS_QUOTED_FOR_TARGET_12)",
					"$(LIBRARY_SEARCH_PATHS_QUOTED_FOR_TARGET_13)",
					"$(LIBRARY_SEARCH_PATHS_QUOTED_FOR_TARGET_14)",
					"$(LIBRARY_SEARCH_PATHS_QUOTED_FOR_TARGET_15)",
					"$(LIBRARY_SEARCH_PATHS_QUOTED_FOR_TARGET_2)",
					"$(LIBRARY_SEARCH_PATHS_QUOTED_FOR_TARGET_3)",
					"$(LIBRARY_SEARCH_PATHS_QUOTED_FOR_TARGET_7)",
					"$(LIBRARY_SEARCH_PATHS_QUOTED_FOR_TARGET_8)",
					"$(LIBRARY_SEARCH_PATHS_QUOTED_FOR_TARGET_9)",
					"$(LIBRARY_SEARCH_PATHS_QUOTED_FOR_TARGET_10)",
					"$(LIBRARY_SEARCH_PATHS_QUOTED_FOR_TARGET_11)",
					"$(LIBRARY_SEARCH_PATHS_QUOTED_FOR_TARGET_12)",
					"$(LIBRARY_SEARCH_PATHS_QUOTED_FOR_TARGET_13)",
					"$(LIBRARY_SEARCH_PATHS_QUOTED_FOR_TARGET_16)",
					"$(LIBRARY_SEARCH_PATHS_QUOTED_FOR_TARGET_17)",
					"$(LIBRARY_SEARCH_PATHS_QUOTED_FOR_TARGET_18)",
					"$(LIBRARY_SEARCH_PATHS_QUOTED_FOR_TARGET_19)",
					"$(LIBRARY_SEARCH_PATHS_QUOTED_FOR_TARGET_20)",
					"$(LIBRARY_SEARCH_PATHS_QUOTED_FOR_TARGET_21)",
					"$(LIBRARY_SEARCH_PATHS_QUOTED_FOR_TARGET_22)",
					"$(LIBRARY_SEARCH_PATHS_QUOTED_FOR_TARGET_23)",
					"$(LIBRARY_SEARCH_PATHS_QUOTED_FOR_TARGET_24)",
					"$(LIBRARY_SEARCH_PATHS_QUOTED_FOR_TARGET_25)",
					"$(LIBRARY_SEARCH_PATHS_QUOTED_FOR_TARGET_26)",
					"$(LIBRARY_SEARCH_PATHS_QUOTED_FOR_TARGET_27)",
					"$(LIBRARY_SEARCH_PATHS_QUOTED_FOR_TARGET_28)",
					"$(LIBRARY_SEARCH_PATHS_QUOTED_FOR_TARGET_29)",
					"$(LIBRARY_SEARCH_PATHS_QUOTED_FOR_TARGET_30)",
					"$(LIBRARY_SEARCH_PATHS_QUOTED_FOR_TARGET_31)",
					"$(LIBRARY_SEARCH_PATHS_QUOTED_FOR_TARGET_32)",
					"$(LIBRARY_SEARCH_PATHS_QUOTED_FOR_TARGET_33)",
					"$(LIBRARY_SEARCH_PATHS_QUOTED_FOR_TARGET_34)",
					"$(LIBRARY_SEARCH_PATHS_QUOTED_FOR_TARGET_35)",
					"$(LIBRARY_SEARCH_PATHS_QUOTED_FOR_TARGET_36)",
					"$(LIBRARY_SEARCH_PATHS_QUOTED_FOR_TARGET_37)",
					"$(LIBRARY_SEARCH_PATHS_QUOTED_FOR_TARGET_38)",
					"$(LIBRARY_SEARCH_PATHS_QUOTED_FOR_TARGET_39)",
					"$(LIBRARY_SEARCH_PATHS_QUOTED_FOR_TARGET_40)",
					"$(LIBRARY_SEARCH_PATHS_QUOTED_FOR_TARGET_41)",
					"$(LIBRARY_SEARCH_PATHS_QUOTED_FOR_TARGET_42)",
					"$(LIBRARY_SEARCH_PATHS_QUOTED_FOR_TARGET_43)",
					"$(LIBRARY_SEARCH_PATHS_QUOTED_FOR_TARGET_44)",
					"$(LIBRARY_SEARCH_PATHS_QUOTED_FOR_TARGET_45)",
					"$(LIBRARY_SEARCH_PATHS_QUOTED_FOR_TARGET_46)",
					"$(LIBRARY_SEARCH_PATHS_QUOTED_FOR_TARGET_47)",
					"$(LIBRARY_SEARCH_PATHS_QUOTED_FOR_TARGET_48)",
					"$(LIBRARY_SEARCH_PATHS_QUOTED_FOR_TARGET_49)",
					"$(LIBRARY_SEARCH_PATHS_QUOTED_FOR_TARGET_50)",
					"$(LIBRARY_SEARCH_PATHS_QUOTED_FOR_TARGET_51)",
					"$(LIBRARY_SEARCH_PATHS_QUOTED_FOR_TARGET_52)",
					"$(LIBRARY_SEARCH_PATHS_QUOTED_FOR_TARGET_1)",
				);
				LIBRARY_SEARCH_PATHS_QUOTED_FOR_TARGET_1 = "\"$(SRCROOT)/../../../addons/ofxKinect/libs/libusb/osx/libs\"";
				PRODUCT_NAME = "$(TARGET_NAME)Debug";
				SDKROOT = macosx;
				WRAPPER_EXTENSION = app;
			};
			name = Debug;
		};
		E4B69B610A3A1757003C02F2 /* Release */ = {
			isa = XCBuildConfiguration;
			buildSettings = {
				COPY_PHASE_STRIP = YES;
				FRAMEWORK_SEARCH_PATHS = (
					"$(inherited)",
					"$(FRAMEWORK_SEARCH_PATHS_QUOTED_FOR_TARGET_1)",
				);
				FRAMEWORK_SEARCH_PATHS_QUOTED_FOR_TARGET_1 = "\"$(SRCROOT)/../../../libs/glut/lib/osx\"";
				GCC_GENERATE_DEBUGGING_SYMBOLS = NO;
				GCC_MODEL_TUNING = G4;
				GCC_PRECOMPILE_PREFIX_HEADER = YES;
				GCC_PREFIX_HEADER = "$(SYSTEM_LIBRARY_DIR)/Frameworks/Carbon.framework/Headers/Carbon.h";
				INFOPLIST_FILE = "openFrameworks-Info.plist";
				INSTALL_PATH = "$(HOME)/Applications";
				LIBRARY_SEARCH_PATHS = (
					"$(inherited)",
					"$(LIBRARY_SEARCH_PATHS_QUOTED_FOR_TARGET_1)",
					"$(LIBRARY_SEARCH_PATHS_QUOTED_FOR_TARGET_2)",
					"$(LIBRARY_SEARCH_PATHS_QUOTED_FOR_TARGET_3)",
					"$(LIBRARY_SEARCH_PATHS_QUOTED_FOR_TARGET_4)",
					"$(LIBRARY_SEARCH_PATHS_QUOTED_FOR_TARGET_5)",
					"$(LIBRARY_SEARCH_PATHS_QUOTED_FOR_TARGET_6)",
					"$(LIBRARY_SEARCH_PATHS_QUOTED_FOR_TARGET_7)",
					"$(LIBRARY_SEARCH_PATHS_QUOTED_FOR_TARGET_8)",
					"$(LIBRARY_SEARCH_PATHS_QUOTED_FOR_TARGET_9)",
					"$(LIBRARY_SEARCH_PATHS_QUOTED_FOR_TARGET_10)",
					"$(LIBRARY_SEARCH_PATHS_QUOTED_FOR_TARGET_11)",
					"$(LIBRARY_SEARCH_PATHS_QUOTED_FOR_TARGET_12)",
					"$(LIBRARY_SEARCH_PATHS_QUOTED_FOR_TARGET_13)",
					"$(LIBRARY_SEARCH_PATHS_QUOTED_FOR_TARGET_14)",
					"$(LIBRARY_SEARCH_PATHS_QUOTED_FOR_TARGET_15)",
					"$(LIBRARY_SEARCH_PATHS_QUOTED_FOR_TARGET_2)",
					"$(LIBRARY_SEARCH_PATHS_QUOTED_1)",
					"$(LIBRARY_SEARCH_PATHS_QUOTED_FOR_TARGET_3)",
					"$(LIBRARY_SEARCH_PATHS_QUOTED_FOR_TARGET_7)",
					"$(LIBRARY_SEARCH_PATHS_QUOTED_FOR_TARGET_8)",
					"$(LIBRARY_SEARCH_PATHS_QUOTED_FOR_TARGET_9)",
					"$(LIBRARY_SEARCH_PATHS_QUOTED_FOR_TARGET_10)",
					"$(LIBRARY_SEARCH_PATHS_QUOTED_FOR_TARGET_11)",
					"$(LIBRARY_SEARCH_PATHS_QUOTED_FOR_TARGET_12)",
					"$(LIBRARY_SEARCH_PATHS_QUOTED_FOR_TARGET_13)",
					"$(LIBRARY_SEARCH_PATHS_QUOTED_FOR_TARGET_16)",
					"$(LIBRARY_SEARCH_PATHS_QUOTED_FOR_TARGET_17)",
					"$(LIBRARY_SEARCH_PATHS_QUOTED_FOR_TARGET_18)",
					"$(LIBRARY_SEARCH_PATHS_QUOTED_FOR_TARGET_19)",
					"$(LIBRARY_SEARCH_PATHS_QUOTED_FOR_TARGET_20)",
					"$(LIBRARY_SEARCH_PATHS_QUOTED_FOR_TARGET_21)",
					"$(LIBRARY_SEARCH_PATHS_QUOTED_FOR_TARGET_22)",
					"$(LIBRARY_SEARCH_PATHS_QUOTED_FOR_TARGET_23)",
					"$(LIBRARY_SEARCH_PATHS_QUOTED_FOR_TARGET_24)",
					"$(LIBRARY_SEARCH_PATHS_QUOTED_FOR_TARGET_25)",
					"$(LIBRARY_SEARCH_PATHS_QUOTED_FOR_TARGET_26)",
					"$(LIBRARY_SEARCH_PATHS_QUOTED_FOR_TARGET_27)",
					"$(LIBRARY_SEARCH_PATHS_QUOTED_FOR_TARGET_28)",
					"$(LIBRARY_SEARCH_PATHS_QUOTED_FOR_TARGET_29)",
					"$(LIBRARY_SEARCH_PATHS_QUOTED_FOR_TARGET_30)",
					"$(LIBRARY_SEARCH_PATHS_QUOTED_FOR_TARGET_31)",
					"$(LIBRARY_SEARCH_PATHS_QUOTED_FOR_TARGET_32)",
					"$(LIBRARY_SEARCH_PATHS_QUOTED_FOR_TARGET_33)",
					"$(LIBRARY_SEARCH_PATHS_QUOTED_FOR_TARGET_34)",
					"$(LIBRARY_SEARCH_PATHS_QUOTED_FOR_TARGET_35)",
					"$(LIBRARY_SEARCH_PATHS_QUOTED_FOR_TARGET_36)",
					"$(LIBRARY_SEARCH_PATHS_QUOTED_FOR_TARGET_37)",
					"$(LIBRARY_SEARCH_PATHS_QUOTED_FOR_TARGET_38)",
					"$(LIBRARY_SEARCH_PATHS_QUOTED_FOR_TARGET_39)",
					"$(LIBRARY_SEARCH_PATHS_QUOTED_FOR_TARGET_40)",
					"$(LIBRARY_SEARCH_PATHS_QUOTED_FOR_TARGET_41)",
					"$(LIBRARY_SEARCH_PATHS_QUOTED_FOR_TARGET_42)",
					"$(LIBRARY_SEARCH_PATHS_QUOTED_FOR_TARGET_43)",
					"$(LIBRARY_SEARCH_PATHS_QUOTED_FOR_TARGET_44)",
					"$(LIBRARY_SEARCH_PATHS_QUOTED_FOR_TARGET_45)",
					"$(LIBRARY_SEARCH_PATHS_QUOTED_FOR_TARGET_46)",
					"$(LIBRARY_SEARCH_PATHS_QUOTED_FOR_TARGET_47)",
					"$(LIBRARY_SEARCH_PATHS_QUOTED_FOR_TARGET_48)",
					"$(LIBRARY_SEARCH_PATHS_QUOTED_FOR_TARGET_49)",
					"$(LIBRARY_SEARCH_PATHS_QUOTED_FOR_TARGET_50)",
					"$(LIBRARY_SEARCH_PATHS_QUOTED_FOR_TARGET_51)",
					"$(LIBRARY_SEARCH_PATHS_QUOTED_1)",
				);
				LIBRARY_SEARCH_PATHS_QUOTED_1 = "\"$(SRCROOT)/../../../addons/ofxKinect/libs/libusb/osx/libs\"";
				PRODUCT_NAME = "$(TARGET_NAME)";
				SDKROOT = macosx;
				WRAPPER_EXTENSION = app;
			};
			name = Release;
		};
/* End XCBuildConfiguration section */

/* Begin XCConfigurationList section */
		E4B69B4D0A3A1720003C02F2 /* Build configuration list for PBXProject "FingerTracker" */ = {
			isa = XCConfigurationList;
			buildConfigurations = (
				E4B69B4E0A3A1720003C02F2 /* Debug */,
				E4B69B4F0A3A1720003C02F2 /* Release */,
			);
			defaultConfigurationIsVisible = 0;
			defaultConfigurationName = Release;
		};
		E4B69B5F0A3A1757003C02F2 /* Build configuration list for PBXNativeTarget "FingerTracker" */ = {
			isa = XCConfigurationList;
			buildConfigurations = (
				E4B69B600A3A1757003C02F2 /* Debug */,
				E4B69B610A3A1757003C02F2 /* Release */,
			);
			defaultConfigurationIsVisible = 0;
			defaultConfigurationName = Release;
		};
/* End XCConfigurationList section */
	};
	rootObject = E4B69B4C0A3A1720003C02F2 /* Project object */;
}
